// !$*UTF8*$!
{
	archiveVersion = 1;
	classes = {
	};
	objectVersion = 50;
	objects = {

/* Begin PBXBuildFile section */
		2C38A9D9210805E8008DF10D /* ScribbleManager.m in Sources */ = {isa = PBXBuildFile; fileRef = 2C38A9D8210805E8008DF10D /* ScribbleManager.m */; };
		2C405F3221096F8900058469 /* Command.m in Sources */ = {isa = PBXBuildFile; fileRef = 2C405F3121096F8900058469 /* Command.m */; };
		2C405F352109703000058469 /* DrawScribbleCommand.m in Sources */ = {isa = PBXBuildFile; fileRef = 2C405F342109703000058469 /* DrawScribbleCommand.m */; };
		2C405F382109735500058469 /* NSMutableArray+Stack.m in Sources */ = {isa = PBXBuildFile; fileRef = 2C405F372109735400058469 /* NSMutableArray+Stack.m */; };
		2C405F3B2109A6A100058469 /* DeleteScribbleCommand.m in Sources */ = {isa = PBXBuildFile; fileRef = 2C405F3A2109A6A100058469 /* DeleteScribbleCommand.m */; };
		2C405F3F2109A71000058469 /* CommandBarButton.m in Sources */ = {isa = PBXBuildFile; fileRef = 2C405F3E2109A71000058469 /* CommandBarButton.m */; };
		2C49EFCA20FEE27500BE0D1B /* AppDelegate.m in Sources */ = {isa = PBXBuildFile; fileRef = 2C49EFC920FEE27500BE0D1B /* AppDelegate.m */; };
		2C49EFD220FEE27600BE0D1B /* Assets.xcassets in Resources */ = {isa = PBXBuildFile; fileRef = 2C49EFD120FEE27600BE0D1B /* Assets.xcassets */; };
		2C49EFD520FEE27600BE0D1B /* LaunchScreen.storyboard in Resources */ = {isa = PBXBuildFile; fileRef = 2C49EFD320FEE27600BE0D1B /* LaunchScreen.storyboard */; };
		2C49EFD820FEE27600BE0D1B /* main.m in Sources */ = {isa = PBXBuildFile; fileRef = 2C49EFD720FEE27600BE0D1B /* main.m */; };
		2C49EFE220FEE27600BE0D1B /* TouchPainterTests.m in Sources */ = {isa = PBXBuildFile; fileRef = 2C49EFE120FEE27600BE0D1B /* TouchPainterTests.m */; };
		2C49EFED20FEE27600BE0D1B /* TouchPainterUITests.m in Sources */ = {isa = PBXBuildFile; fileRef = 2C49EFEC20FEE27600BE0D1B /* TouchPainterUITests.m */; };
		2C49EFFF20FEE32600BE0D1B /* CanvasViewController.m in Sources */ = {isa = PBXBuildFile; fileRef = 2C49EFFD20FEE32600BE0D1B /* CanvasViewController.m */; };
		2C49F00020FEE32600BE0D1B /* CanvasViewController.xib in Resources */ = {isa = PBXBuildFile; fileRef = 2C49EFFE20FEE32600BE0D1B /* CanvasViewController.xib */; };
		2C49F00520FEE34C00BE0D1B /* PaletteViewController.m in Sources */ = {isa = PBXBuildFile; fileRef = 2C49F00320FEE34C00BE0D1B /* PaletteViewController.m */; };
		2C49F00620FEE34C00BE0D1B /* PaletteViewController.xib in Resources */ = {isa = PBXBuildFile; fileRef = 2C49F00420FEE34C00BE0D1B /* PaletteViewController.xib */; };
		2C49F00B20FEE36300BE0D1B /* ThumbnailViewController.m in Sources */ = {isa = PBXBuildFile; fileRef = 2C49F00920FEE36300BE0D1B /* ThumbnailViewController.m */; };
		2C49F00C20FEE36300BE0D1B /* ThumbnailViewController.xib in Resources */ = {isa = PBXBuildFile; fileRef = 2C49F00A20FEE36300BE0D1B /* ThumbnailViewController.xib */; };
		2C49F01120FEE3EE00BE0D1B /* CoordinatingController.m in Sources */ = {isa = PBXBuildFile; fileRef = 2C49F01020FEE3EE00BE0D1B /* CoordinatingController.m */; };
		2C52706F210180A300A98DCD /* Scribble.m in Sources */ = {isa = PBXBuildFile; fileRef = 2C52706E210180A300A98DCD /* Scribble.m */; };
		2C5270732101843200A98DCD /* CanvasView.m in Sources */ = {isa = PBXBuildFile; fileRef = 2C5270722101843200A98DCD /* CanvasView.m */; };
		2C5CBFF7211189A5004F33BE /* ClothCanvasView.m in Sources */ = {isa = PBXBuildFile; fileRef = 2C5CBFF6211189A5004F33BE /* ClothCanvasView.m */; };
		2C5CBFFA211189B4004F33BE /* PaperCanvasView.m in Sources */ = {isa = PBXBuildFile; fileRef = 2C5CBFF9211189B4004F33BE /* PaperCanvasView.m */; };
		2C5CBFFE211189EF004F33BE /* CanvasViewGenerator.m in Sources */ = {isa = PBXBuildFile; fileRef = 2C5CBFFD211189EF004F33BE /* CanvasViewGenerator.m */; };
		2C5CC00121118A77004F33BE /* ClothCanvasViewGenerator.m in Sources */ = {isa = PBXBuildFile; fileRef = 2C5CC00021118A77004F33BE /* ClothCanvasViewGenerator.m */; };
		2C5CC00421118A8B004F33BE /* PaperCanvasViewGenerator.m in Sources */ = {isa = PBXBuildFile; fileRef = 2C5CC00321118A8B004F33BE /* PaperCanvasViewGenerator.m */; };
		2C6003112110340C003E520B /* SetStrokeColorCommand.m in Sources */ = {isa = PBXBuildFile; fileRef = 2C6003102110340C003E520B /* SetStrokeColorCommand.m */; };
		2C6003152110344A003E520B /* CommandSlider.m in Sources */ = {isa = PBXBuildFile; fileRef = 2C6003142110344A003E520B /* CommandSlider.m */; };
		2C60031821103D94003E520B /* SetStrokeSizeCommand.m in Sources */ = {isa = PBXBuildFile; fileRef = 2C60031721103D94003E520B /* SetStrokeSizeCommand.m */; };
		2C60031B2110427A003E520B /* SaveScribbleCommand.m in Sources */ = {isa = PBXBuildFile; fileRef = 2C60031A2110427A003E520B /* SaveScribbleCommand.m */; };
		2C6003202110439F003E520B /* UIView+UIImage.m in Sources */ = {isa = PBXBuildFile; fileRef = 2C60031F2110439F003E520B /* UIView+UIImage.m */; };
		2C8F6F7621070DC700D4C0F5 /* ScribbleMemento.m in Sources */ = {isa = PBXBuildFile; fileRef = 2C8F6F7521070DC700D4C0F5 /* ScribbleMemento.m */; };
		2CF8E42321003C3100BA06AC /* Stroke.m in Sources */ = {isa = PBXBuildFile; fileRef = 2CF8E42221003C3100BA06AC /* Stroke.m */; };
		2CF8E42621003EB400BA06AC /* Vertex.m in Sources */ = {isa = PBXBuildFile; fileRef = 2CF8E42521003EB400BA06AC /* Vertex.m */; };
		2CF8E42921003FCA00BA06AC /* Dot.m in Sources */ = {isa = PBXBuildFile; fileRef = 2CF8E42821003FCA00BA06AC /* Dot.m */; };
		2CF8E4472100B23F00BA06AC /* MarkRenderer.m in Sources */ = {isa = PBXBuildFile; fileRef = 2CF8E4462100B23F00BA06AC /* MarkRenderer.m */; };
		68680F2BF951383A3F1B1CDB /* libPods-TouchPainterUITests.a in Frameworks */ = {isa = PBXBuildFile; fileRef = CD45A4CBEE44C3256F429FF4 /* libPods-TouchPainterUITests.a */; };
		8E9778F678E14A04DA851DF5 /* libPods-TouchPainter.a in Frameworks */ = {isa = PBXBuildFile; fileRef = 87F86D1E1C95A4F2272982EB /* libPods-TouchPainter.a */; };
		F9088AA63F84CE249EC155D5 /* libPods-TouchPainterTests.a in Frameworks */ = {isa = PBXBuildFile; fileRef = 2D87D2642B43AF869ACEB5EA /* libPods-TouchPainterTests.a */; };
/* End PBXBuildFile section */

/* Begin PBXContainerItemProxy section */
		2C49EFDE20FEE27600BE0D1B /* PBXContainerItemProxy */ = {
			isa = PBXContainerItemProxy;
			containerPortal = 2C49EFBD20FEE27500BE0D1B /* Project object */;
			proxyType = 1;
			remoteGlobalIDString = 2C49EFC420FEE27500BE0D1B;
			remoteInfo = TouchPainter;
		};
		2C49EFE920FEE27600BE0D1B /* PBXContainerItemProxy */ = {
			isa = PBXContainerItemProxy;
			containerPortal = 2C49EFBD20FEE27500BE0D1B /* Project object */;
			proxyType = 1;
			remoteGlobalIDString = 2C49EFC420FEE27500BE0D1B;
			remoteInfo = TouchPainter;
		};
/* End PBXContainerItemProxy section */

/* Begin PBXFileReference section */
		2C38A9D7210805E8008DF10D /* ScribbleManager.h */ = {isa = PBXFileReference; lastKnownFileType = sourcecode.c.h; path = ScribbleManager.h; sourceTree = "<group>"; };
		2C38A9D8210805E8008DF10D /* ScribbleManager.m */ = {isa = PBXFileReference; lastKnownFileType = sourcecode.c.objc; path = ScribbleManager.m; sourceTree = "<group>"; };
		2C405F3021096F8900058469 /* Command.h */ = {isa = PBXFileReference; lastKnownFileType = sourcecode.c.h; path = Command.h; sourceTree = "<group>"; };
		2C405F3121096F8900058469 /* Command.m */ = {isa = PBXFileReference; lastKnownFileType = sourcecode.c.objc; path = Command.m; sourceTree = "<group>"; };
		2C405F332109703000058469 /* DrawScribbleCommand.h */ = {isa = PBXFileReference; lastKnownFileType = sourcecode.c.h; path = DrawScribbleCommand.h; sourceTree = "<group>"; };
		2C405F342109703000058469 /* DrawScribbleCommand.m */ = {isa = PBXFileReference; lastKnownFileType = sourcecode.c.objc; path = DrawScribbleCommand.m; sourceTree = "<group>"; };
		2C405F362109735400058469 /* NSMutableArray+Stack.h */ = {isa = PBXFileReference; fileEncoding = 4; lastKnownFileType = sourcecode.c.h; path = "NSMutableArray+Stack.h"; sourceTree = "<group>"; };
		2C405F372109735400058469 /* NSMutableArray+Stack.m */ = {isa = PBXFileReference; fileEncoding = 4; lastKnownFileType = sourcecode.c.objc; path = "NSMutableArray+Stack.m"; sourceTree = "<group>"; };
		2C405F392109A6A100058469 /* DeleteScribbleCommand.h */ = {isa = PBXFileReference; lastKnownFileType = sourcecode.c.h; path = DeleteScribbleCommand.h; sourceTree = "<group>"; };
		2C405F3A2109A6A100058469 /* DeleteScribbleCommand.m */ = {isa = PBXFileReference; lastKnownFileType = sourcecode.c.objc; path = DeleteScribbleCommand.m; sourceTree = "<group>"; };
		2C405F3D2109A71000058469 /* CommandBarButton.h */ = {isa = PBXFileReference; lastKnownFileType = sourcecode.c.h; path = CommandBarButton.h; sourceTree = "<group>"; };
		2C405F3E2109A71000058469 /* CommandBarButton.m */ = {isa = PBXFileReference; lastKnownFileType = sourcecode.c.objc; path = CommandBarButton.m; sourceTree = "<group>"; };
		2C49EFC520FEE27500BE0D1B /* TouchPainter.app */ = {isa = PBXFileReference; explicitFileType = wrapper.application; includeInIndex = 0; path = TouchPainter.app; sourceTree = BUILT_PRODUCTS_DIR; };
		2C49EFC820FEE27500BE0D1B /* AppDelegate.h */ = {isa = PBXFileReference; lastKnownFileType = sourcecode.c.h; path = AppDelegate.h; sourceTree = "<group>"; };
		2C49EFC920FEE27500BE0D1B /* AppDelegate.m */ = {isa = PBXFileReference; lastKnownFileType = sourcecode.c.objc; path = AppDelegate.m; sourceTree = "<group>"; };
		2C49EFD120FEE27600BE0D1B /* Assets.xcassets */ = {isa = PBXFileReference; lastKnownFileType = folder.assetcatalog; path = Assets.xcassets; sourceTree = "<group>"; };
		2C49EFD420FEE27600BE0D1B /* Base */ = {isa = PBXFileReference; lastKnownFileType = file.storyboard; name = Base; path = Base.lproj/LaunchScreen.storyboard; sourceTree = "<group>"; };
		2C49EFD620FEE27600BE0D1B /* Info.plist */ = {isa = PBXFileReference; lastKnownFileType = text.plist.xml; path = Info.plist; sourceTree = "<group>"; };
		2C49EFD720FEE27600BE0D1B /* main.m */ = {isa = PBXFileReference; lastKnownFileType = sourcecode.c.objc; path = main.m; sourceTree = "<group>"; };
		2C49EFDD20FEE27600BE0D1B /* TouchPainterTests.xctest */ = {isa = PBXFileReference; explicitFileType = wrapper.cfbundle; includeInIndex = 0; path = TouchPainterTests.xctest; sourceTree = BUILT_PRODUCTS_DIR; };
		2C49EFE120FEE27600BE0D1B /* TouchPainterTests.m */ = {isa = PBXFileReference; lastKnownFileType = sourcecode.c.objc; path = TouchPainterTests.m; sourceTree = "<group>"; };
		2C49EFE320FEE27600BE0D1B /* Info.plist */ = {isa = PBXFileReference; lastKnownFileType = text.plist.xml; path = Info.plist; sourceTree = "<group>"; };
		2C49EFE820FEE27600BE0D1B /* TouchPainterUITests.xctest */ = {isa = PBXFileReference; explicitFileType = wrapper.cfbundle; includeInIndex = 0; path = TouchPainterUITests.xctest; sourceTree = BUILT_PRODUCTS_DIR; };
		2C49EFEC20FEE27600BE0D1B /* TouchPainterUITests.m */ = {isa = PBXFileReference; lastKnownFileType = sourcecode.c.objc; path = TouchPainterUITests.m; sourceTree = "<group>"; };
		2C49EFEE20FEE27600BE0D1B /* Info.plist */ = {isa = PBXFileReference; lastKnownFileType = text.plist.xml; path = Info.plist; sourceTree = "<group>"; };
		2C49EFFC20FEE32600BE0D1B /* CanvasViewController.h */ = {isa = PBXFileReference; lastKnownFileType = sourcecode.c.h; path = CanvasViewController.h; sourceTree = "<group>"; };
		2C49EFFD20FEE32600BE0D1B /* CanvasViewController.m */ = {isa = PBXFileReference; lastKnownFileType = sourcecode.c.objc; path = CanvasViewController.m; sourceTree = "<group>"; };
		2C49EFFE20FEE32600BE0D1B /* CanvasViewController.xib */ = {isa = PBXFileReference; lastKnownFileType = file.xib; path = CanvasViewController.xib; sourceTree = "<group>"; };
		2C49F00220FEE34C00BE0D1B /* PaletteViewController.h */ = {isa = PBXFileReference; lastKnownFileType = sourcecode.c.h; path = PaletteViewController.h; sourceTree = "<group>"; };
		2C49F00320FEE34C00BE0D1B /* PaletteViewController.m */ = {isa = PBXFileReference; lastKnownFileType = sourcecode.c.objc; path = PaletteViewController.m; sourceTree = "<group>"; };
		2C49F00420FEE34C00BE0D1B /* PaletteViewController.xib */ = {isa = PBXFileReference; lastKnownFileType = file.xib; path = PaletteViewController.xib; sourceTree = "<group>"; };
		2C49F00820FEE36300BE0D1B /* ThumbnailViewController.h */ = {isa = PBXFileReference; lastKnownFileType = sourcecode.c.h; path = ThumbnailViewController.h; sourceTree = "<group>"; };
		2C49F00920FEE36300BE0D1B /* ThumbnailViewController.m */ = {isa = PBXFileReference; lastKnownFileType = sourcecode.c.objc; path = ThumbnailViewController.m; sourceTree = "<group>"; };
		2C49F00A20FEE36300BE0D1B /* ThumbnailViewController.xib */ = {isa = PBXFileReference; lastKnownFileType = file.xib; path = ThumbnailViewController.xib; sourceTree = "<group>"; };
		2C49F00F20FEE3EE00BE0D1B /* CoordinatingController.h */ = {isa = PBXFileReference; lastKnownFileType = sourcecode.c.h; path = CoordinatingController.h; sourceTree = "<group>"; };
		2C49F01020FEE3EE00BE0D1B /* CoordinatingController.m */ = {isa = PBXFileReference; lastKnownFileType = sourcecode.c.objc; path = CoordinatingController.m; sourceTree = "<group>"; };
		2C52706D210180A300A98DCD /* Scribble.h */ = {isa = PBXFileReference; lastKnownFileType = sourcecode.c.h; path = Scribble.h; sourceTree = "<group>"; };
		2C52706E210180A300A98DCD /* Scribble.m */ = {isa = PBXFileReference; lastKnownFileType = sourcecode.c.objc; path = Scribble.m; sourceTree = "<group>"; };
		2C5270712101843200A98DCD /* CanvasView.h */ = {isa = PBXFileReference; lastKnownFileType = sourcecode.c.h; path = CanvasView.h; sourceTree = "<group>"; };
		2C5270722101843200A98DCD /* CanvasView.m */ = {isa = PBXFileReference; lastKnownFileType = sourcecode.c.objc; path = CanvasView.m; sourceTree = "<group>"; };
		2C5270742101892B00A98DCD /* TouchPainter.pch */ = {isa = PBXFileReference; lastKnownFileType = sourcecode.c.h; path = TouchPainter.pch; sourceTree = "<group>"; };
		2C5CBFF5211189A5004F33BE /* ClothCanvasView.h */ = {isa = PBXFileReference; lastKnownFileType = sourcecode.c.h; path = ClothCanvasView.h; sourceTree = "<group>"; };
		2C5CBFF6211189A5004F33BE /* ClothCanvasView.m */ = {isa = PBXFileReference; lastKnownFileType = sourcecode.c.objc; path = ClothCanvasView.m; sourceTree = "<group>"; };
		2C5CBFF8211189B4004F33BE /* PaperCanvasView.h */ = {isa = PBXFileReference; lastKnownFileType = sourcecode.c.h; path = PaperCanvasView.h; sourceTree = "<group>"; };
		2C5CBFF9211189B4004F33BE /* PaperCanvasView.m */ = {isa = PBXFileReference; lastKnownFileType = sourcecode.c.objc; path = PaperCanvasView.m; sourceTree = "<group>"; };
		2C5CBFFC211189EF004F33BE /* CanvasViewGenerator.h */ = {isa = PBXFileReference; lastKnownFileType = sourcecode.c.h; path = CanvasViewGenerator.h; sourceTree = "<group>"; };
		2C5CBFFD211189EF004F33BE /* CanvasViewGenerator.m */ = {isa = PBXFileReference; lastKnownFileType = sourcecode.c.objc; path = CanvasViewGenerator.m; sourceTree = "<group>"; };
		2C5CBFFF21118A77004F33BE /* ClothCanvasViewGenerator.h */ = {isa = PBXFileReference; lastKnownFileType = sourcecode.c.h; path = ClothCanvasViewGenerator.h; sourceTree = "<group>"; };
		2C5CC00021118A77004F33BE /* ClothCanvasViewGenerator.m */ = {isa = PBXFileReference; lastKnownFileType = sourcecode.c.objc; path = ClothCanvasViewGenerator.m; sourceTree = "<group>"; };
		2C5CC00221118A8B004F33BE /* PaperCanvasViewGenerator.h */ = {isa = PBXFileReference; lastKnownFileType = sourcecode.c.h; path = PaperCanvasViewGenerator.h; sourceTree = "<group>"; };
		2C5CC00321118A8B004F33BE /* PaperCanvasViewGenerator.m */ = {isa = PBXFileReference; lastKnownFileType = sourcecode.c.objc; path = PaperCanvasViewGenerator.m; sourceTree = "<group>"; };
		2C60030F2110340C003E520B /* SetStrokeColorCommand.h */ = {isa = PBXFileReference; lastKnownFileType = sourcecode.c.h; path = SetStrokeColorCommand.h; sourceTree = "<group>"; };
		2C6003102110340C003E520B /* SetStrokeColorCommand.m */ = {isa = PBXFileReference; lastKnownFileType = sourcecode.c.objc; path = SetStrokeColorCommand.m; sourceTree = "<group>"; };
		2C6003132110344A003E520B /* CommandSlider.h */ = {isa = PBXFileReference; lastKnownFileType = sourcecode.c.h; path = CommandSlider.h; sourceTree = "<group>"; };
		2C6003142110344A003E520B /* CommandSlider.m */ = {isa = PBXFileReference; lastKnownFileType = sourcecode.c.objc; path = CommandSlider.m; sourceTree = "<group>"; };
		2C60031621103D94003E520B /* SetStrokeSizeCommand.h */ = {isa = PBXFileReference; lastKnownFileType = sourcecode.c.h; path = SetStrokeSizeCommand.h; sourceTree = "<group>"; };
		2C60031721103D94003E520B /* SetStrokeSizeCommand.m */ = {isa = PBXFileReference; lastKnownFileType = sourcecode.c.objc; path = SetStrokeSizeCommand.m; sourceTree = "<group>"; };
		2C6003192110427A003E520B /* SaveScribbleCommand.h */ = {isa = PBXFileReference; lastKnownFileType = sourcecode.c.h; path = SaveScribbleCommand.h; sourceTree = "<group>"; };
		2C60031A2110427A003E520B /* SaveScribbleCommand.m */ = {isa = PBXFileReference; lastKnownFileType = sourcecode.c.objc; path = SaveScribbleCommand.m; sourceTree = "<group>"; };
		2C60031E2110439F003E520B /* UIView+UIImage.h */ = {isa = PBXFileReference; lastKnownFileType = sourcecode.c.h; path = "UIView+UIImage.h"; sourceTree = "<group>"; };
		2C60031F2110439F003E520B /* UIView+UIImage.m */ = {isa = PBXFileReference; lastKnownFileType = sourcecode.c.objc; path = "UIView+UIImage.m"; sourceTree = "<group>"; };
		2C8F6F7421070DC700D4C0F5 /* ScribbleMemento.h */ = {isa = PBXFileReference; lastKnownFileType = sourcecode.c.h; path = ScribbleMemento.h; sourceTree = "<group>"; };
		2C8F6F7521070DC700D4C0F5 /* ScribbleMemento.m */ = {isa = PBXFileReference; lastKnownFileType = sourcecode.c.objc; path = ScribbleMemento.m; sourceTree = "<group>"; };
		2C8F6F772107162F00D4C0F5 /* ScribbleMemento+Friend.h */ = {isa = PBXFileReference; lastKnownFileType = sourcecode.c.h; path = "ScribbleMemento+Friend.h"; sourceTree = "<group>"; };
		2CF8E42021003B3300BA06AC /* Mark.h */ = {isa = PBXFileReference; lastKnownFileType = sourcecode.c.h; path = Mark.h; sourceTree = "<group>"; };
		2CF8E42121003C3100BA06AC /* Stroke.h */ = {isa = PBXFileReference; lastKnownFileType = sourcecode.c.h; path = Stroke.h; sourceTree = "<group>"; };
		2CF8E42221003C3100BA06AC /* Stroke.m */ = {isa = PBXFileReference; lastKnownFileType = sourcecode.c.objc; path = Stroke.m; sourceTree = "<group>"; };
		2CF8E42421003EB400BA06AC /* Vertex.h */ = {isa = PBXFileReference; lastKnownFileType = sourcecode.c.h; path = Vertex.h; sourceTree = "<group>"; };
		2CF8E42521003EB400BA06AC /* Vertex.m */ = {isa = PBXFileReference; lastKnownFileType = sourcecode.c.objc; path = Vertex.m; sourceTree = "<group>"; };
		2CF8E42721003FCA00BA06AC /* Dot.h */ = {isa = PBXFileReference; lastKnownFileType = sourcecode.c.h; path = Dot.h; sourceTree = "<group>"; };
		2CF8E42821003FCA00BA06AC /* Dot.m */ = {isa = PBXFileReference; lastKnownFileType = sourcecode.c.objc; path = Dot.m; sourceTree = "<group>"; };
		2CF8E4442100B1CF00BA06AC /* MarkVisitor.h */ = {isa = PBXFileReference; lastKnownFileType = sourcecode.c.h; path = MarkVisitor.h; sourceTree = "<group>"; };
		2CF8E4452100B23F00BA06AC /* MarkRenderer.h */ = {isa = PBXFileReference; lastKnownFileType = sourcecode.c.h; path = MarkRenderer.h; sourceTree = "<group>"; };
		2CF8E4462100B23F00BA06AC /* MarkRenderer.m */ = {isa = PBXFileReference; lastKnownFileType = sourcecode.c.objc; path = MarkRenderer.m; sourceTree = "<group>"; };
		2D87D2642B43AF869ACEB5EA /* libPods-TouchPainterTests.a */ = {isa = PBXFileReference; explicitFileType = archive.ar; includeInIndex = 0; path = "libPods-TouchPainterTests.a"; sourceTree = BUILT_PRODUCTS_DIR; };
		356C6579893E4DDA959B24A9 /* Pods-TouchPainterUITests.release.xcconfig */ = {isa = PBXFileReference; includeInIndex = 1; lastKnownFileType = text.xcconfig; name = "Pods-TouchPainterUITests.release.xcconfig"; path = "Pods/Target Support Files/Pods-TouchPainterUITests/Pods-TouchPainterUITests.release.xcconfig"; sourceTree = "<group>"; };
		3C982E9D64C4297E7B07764A /* Pods-TouchPainterUITests.debug.xcconfig */ = {isa = PBXFileReference; includeInIndex = 1; lastKnownFileType = text.xcconfig; name = "Pods-TouchPainterUITests.debug.xcconfig"; path = "Pods/Target Support Files/Pods-TouchPainterUITests/Pods-TouchPainterUITests.debug.xcconfig"; sourceTree = "<group>"; };
		4C8F3BE9719FA5E8D189C785 /* Pods-TouchPainterTests.debug.xcconfig */ = {isa = PBXFileReference; includeInIndex = 1; lastKnownFileType = text.xcconfig; name = "Pods-TouchPainterTests.debug.xcconfig"; path = "Pods/Target Support Files/Pods-TouchPainterTests/Pods-TouchPainterTests.debug.xcconfig"; sourceTree = "<group>"; };
		87F86D1E1C95A4F2272982EB /* libPods-TouchPainter.a */ = {isa = PBXFileReference; explicitFileType = archive.ar; includeInIndex = 0; path = "libPods-TouchPainter.a"; sourceTree = BUILT_PRODUCTS_DIR; };
		9899DF706D7C452176F65FE5 /* Pods-TouchPainterTests.release.xcconfig */ = {isa = PBXFileReference; includeInIndex = 1; lastKnownFileType = text.xcconfig; name = "Pods-TouchPainterTests.release.xcconfig"; path = "Pods/Target Support Files/Pods-TouchPainterTests/Pods-TouchPainterTests.release.xcconfig"; sourceTree = "<group>"; };
		CD45A4CBEE44C3256F429FF4 /* libPods-TouchPainterUITests.a */ = {isa = PBXFileReference; explicitFileType = archive.ar; includeInIndex = 0; path = "libPods-TouchPainterUITests.a"; sourceTree = BUILT_PRODUCTS_DIR; };
		E41A265905FB6BC3F76A022D /* Pods-TouchPainter.release.xcconfig */ = {isa = PBXFileReference; includeInIndex = 1; lastKnownFileType = text.xcconfig; name = "Pods-TouchPainter.release.xcconfig"; path = "Pods/Target Support Files/Pods-TouchPainter/Pods-TouchPainter.release.xcconfig"; sourceTree = "<group>"; };
		F6221EBE0A1D41561C26BA3F /* Pods-TouchPainter.debug.xcconfig */ = {isa = PBXFileReference; includeInIndex = 1; lastKnownFileType = text.xcconfig; name = "Pods-TouchPainter.debug.xcconfig"; path = "Pods/Target Support Files/Pods-TouchPainter/Pods-TouchPainter.debug.xcconfig"; sourceTree = "<group>"; };
/* End PBXFileReference section */

/* Begin PBXFrameworksBuildPhase section */
		2C49EFC220FEE27500BE0D1B /* Frameworks */ = {
			isa = PBXFrameworksBuildPhase;
			buildActionMask = 2147483647;
			files = (
				8E9778F678E14A04DA851DF5 /* libPods-TouchPainter.a in Frameworks */,
			);
			runOnlyForDeploymentPostprocessing = 0;
		};
		2C49EFDA20FEE27600BE0D1B /* Frameworks */ = {
			isa = PBXFrameworksBuildPhase;
			buildActionMask = 2147483647;
			files = (
				F9088AA63F84CE249EC155D5 /* libPods-TouchPainterTests.a in Frameworks */,
			);
			runOnlyForDeploymentPostprocessing = 0;
		};
		2C49EFE520FEE27600BE0D1B /* Frameworks */ = {
			isa = PBXFrameworksBuildPhase;
			buildActionMask = 2147483647;
			files = (
				68680F2BF951383A3F1B1CDB /* libPods-TouchPainterUITests.a in Frameworks */,
			);
			runOnlyForDeploymentPostprocessing = 0;
		};
/* End PBXFrameworksBuildPhase section */

/* Begin PBXGroup section */
		2C405F2F21096EF300058469 /* Command */ = {
			isa = PBXGroup;
			children = (
				2C405F3021096F8900058469 /* Command.h */,
				2C405F3121096F8900058469 /* Command.m */,
				2C405F332109703000058469 /* DrawScribbleCommand.h */,
				2C405F342109703000058469 /* DrawScribbleCommand.m */,
				2C6003192110427A003E520B /* SaveScribbleCommand.h */,
				2C60031A2110427A003E520B /* SaveScribbleCommand.m */,
				2C405F392109A6A100058469 /* DeleteScribbleCommand.h */,
				2C405F3A2109A6A100058469 /* DeleteScribbleCommand.m */,
				2C60030F2110340C003E520B /* SetStrokeColorCommand.h */,
				2C6003102110340C003E520B /* SetStrokeColorCommand.m */,
				2C60031621103D94003E520B /* SetStrokeSizeCommand.h */,
				2C60031721103D94003E520B /* SetStrokeSizeCommand.m */,
			);
			path = Command;
			sourceTree = "<group>";
		};
		2C405F3C2109A6F800058469 /* Command Button */ = {
			isa = PBXGroup;
			children = (
				2C405F3D2109A71000058469 /* CommandBarButton.h */,
				2C405F3E2109A71000058469 /* CommandBarButton.m */,
			);
			path = "Command Button";
			sourceTree = "<group>";
		};
		2C49EFBC20FEE27500BE0D1B = {
			isa = PBXGroup;
			children = (
				2C49EFC720FEE27500BE0D1B /* TouchPainter */,
				2C49EFE020FEE27600BE0D1B /* TouchPainterTests */,
				2C49EFEB20FEE27600BE0D1B /* TouchPainterUITests */,
				2C49EFC620FEE27500BE0D1B /* Products */,
				BFB7B0D39BB1367CE2BB2999 /* Pods */,
				A72B2647E39A5A96803CC039 /* Frameworks */,
			);
			sourceTree = "<group>";
		};
		2C49EFC620FEE27500BE0D1B /* Products */ = {
			isa = PBXGroup;
			children = (
				2C49EFC520FEE27500BE0D1B /* TouchPainter.app */,
				2C49EFDD20FEE27600BE0D1B /* TouchPainterTests.xctest */,
				2C49EFE820FEE27600BE0D1B /* TouchPainterUITests.xctest */,
			);
			name = Products;
			sourceTree = "<group>";
		};
		2C49EFC720FEE27500BE0D1B /* TouchPainter */ = {
			isa = PBXGroup;
			children = (
				2C49EFC820FEE27500BE0D1B /* AppDelegate.h */,
				2C49EFC920FEE27500BE0D1B /* AppDelegate.m */,
				2C5270742101892B00A98DCD /* TouchPainter.pch */,
				2C60031221103436003E520B /* Command Slider */,
				2C405F3C2109A6F800058469 /* Command Button */,
				2C60031C21104357003E520B /* Custom Stack */,
				2C60031D2110437E003E520B /* View2Image */,
				2C405F2F21096EF300058469 /* Command */,
				2C52706C2101808900A98DCD /* Memento Observer */,
				2CF8E4432100B1B300BA06AC /* Vistor */,
				2CF8E41F21003B0A00BA06AC /* Composite Prototype Iterator */,
				2C49F00E20FEE3C400BE0D1B /* Mediator */,
				2C5CBFFB211189CE004F33BE /* Factory Method */,
				2C5270702101841400A98DCD /* Views */,
				2C49EFFB20FEE31100BE0D1B /* View Controllers */,
				2C49EFD120FEE27600BE0D1B /* Assets.xcassets */,
				2C49EFD320FEE27600BE0D1B /* LaunchScreen.storyboard */,
				2C49EFD620FEE27600BE0D1B /* Info.plist */,
				2C49EFD720FEE27600BE0D1B /* main.m */,
			);
			path = TouchPainter;
			sourceTree = "<group>";
		};
		2C49EFE020FEE27600BE0D1B /* TouchPainterTests */ = {
			isa = PBXGroup;
			children = (
				2C49EFE120FEE27600BE0D1B /* TouchPainterTests.m */,
				2C49EFE320FEE27600BE0D1B /* Info.plist */,
			);
			path = TouchPainterTests;
			sourceTree = "<group>";
		};
		2C49EFEB20FEE27600BE0D1B /* TouchPainterUITests */ = {
			isa = PBXGroup;
			children = (
				2C49EFEC20FEE27600BE0D1B /* TouchPainterUITests.m */,
				2C49EFEE20FEE27600BE0D1B /* Info.plist */,
			);
			path = TouchPainterUITests;
			sourceTree = "<group>";
		};
		2C49EFFB20FEE31100BE0D1B /* View Controllers */ = {
			isa = PBXGroup;
			children = (
				2C49F00120FEE32E00BE0D1B /* CanvasViewController */,
				2C49F00720FEE35000BE0D1B /* PaletteViewController */,
				2C49F00D20FEE36600BE0D1B /* ThumbnailViewController */,
			);
			path = "View Controllers";
			sourceTree = "<group>";
		};
		2C49F00120FEE32E00BE0D1B /* CanvasViewController */ = {
			isa = PBXGroup;
			children = (
				2C49EFFC20FEE32600BE0D1B /* CanvasViewController.h */,
				2C49EFFD20FEE32600BE0D1B /* CanvasViewController.m */,
				2C49EFFE20FEE32600BE0D1B /* CanvasViewController.xib */,
			);
			path = CanvasViewController;
			sourceTree = "<group>";
		};
		2C49F00720FEE35000BE0D1B /* PaletteViewController */ = {
			isa = PBXGroup;
			children = (
				2C49F00220FEE34C00BE0D1B /* PaletteViewController.h */,
				2C49F00320FEE34C00BE0D1B /* PaletteViewController.m */,
				2C49F00420FEE34C00BE0D1B /* PaletteViewController.xib */,
			);
			path = PaletteViewController;
			sourceTree = "<group>";
		};
		2C49F00D20FEE36600BE0D1B /* ThumbnailViewController */ = {
			isa = PBXGroup;
			children = (
				2C49F00820FEE36300BE0D1B /* ThumbnailViewController.h */,
				2C49F00920FEE36300BE0D1B /* ThumbnailViewController.m */,
				2C49F00A20FEE36300BE0D1B /* ThumbnailViewController.xib */,
			);
			path = ThumbnailViewController;
			sourceTree = "<group>";
		};
		2C49F00E20FEE3C400BE0D1B /* Mediator */ = {
			isa = PBXGroup;
			children = (
				2C49F00F20FEE3EE00BE0D1B /* CoordinatingController.h */,
				2C49F01020FEE3EE00BE0D1B /* CoordinatingController.m */,
			);
			path = Mediator;
			sourceTree = "<group>";
		};
		2C52706C2101808900A98DCD /* Memento Observer */ = {
			isa = PBXGroup;
			children = (
				2C52706D210180A300A98DCD /* Scribble.h */,
				2C52706E210180A300A98DCD /* Scribble.m */,
				2C8F6F7421070DC700D4C0F5 /* ScribbleMemento.h */,
				2C8F6F7521070DC700D4C0F5 /* ScribbleMemento.m */,
				2C38A9D7210805E8008DF10D /* ScribbleManager.h */,
				2C38A9D8210805E8008DF10D /* ScribbleManager.m */,
				2C8F6F772107162F00D4C0F5 /* ScribbleMemento+Friend.h */,
			);
			path = "Memento Observer";
			sourceTree = "<group>";
		};
		2C5270702101841400A98DCD /* Views */ = {
			isa = PBXGroup;
			children = (
				2C5270712101843200A98DCD /* CanvasView.h */,
				2C5270722101843200A98DCD /* CanvasView.m */,
				2C5CBFF5211189A5004F33BE /* ClothCanvasView.h */,
				2C5CBFF6211189A5004F33BE /* ClothCanvasView.m */,
				2C5CBFF8211189B4004F33BE /* PaperCanvasView.h */,
				2C5CBFF9211189B4004F33BE /* PaperCanvasView.m */,
			);
			path = Views;
			sourceTree = "<group>";
		};
		2C5CBFFB211189CE004F33BE /* Factory Method */ = {
			isa = PBXGroup;
			children = (
				2C5CBFFC211189EF004F33BE /* CanvasViewGenerator.h */,
				2C5CBFFD211189EF004F33BE /* CanvasViewGenerator.m */,
				2C5CBFFF21118A77004F33BE /* ClothCanvasViewGenerator.h */,
				2C5CC00021118A77004F33BE /* ClothCanvasViewGenerator.m */,
				2C5CC00221118A8B004F33BE /* PaperCanvasViewGenerator.h */,
				2C5CC00321118A8B004F33BE /* PaperCanvasViewGenerator.m */,
			);
			path = "Factory Method";
			sourceTree = "<group>";
		};
		2C60031221103436003E520B /* Command Slider */ = {
			isa = PBXGroup;
			children = (
				2C6003132110344A003E520B /* CommandSlider.h */,
				2C6003142110344A003E520B /* CommandSlider.m */,
			);
			path = "Command Slider";
			sourceTree = "<group>";
		};
		2C60031C21104357003E520B /* Custom Stack */ = {
			isa = PBXGroup;
			children = (
				2C405F362109735400058469 /* NSMutableArray+Stack.h */,
				2C405F372109735400058469 /* NSMutableArray+Stack.m */,
			);
			path = "Custom Stack";
			sourceTree = "<group>";
		};
		2C60031D2110437E003E520B /* View2Image */ = {
			isa = PBXGroup;
			children = (
				2C60031E2110439F003E520B /* UIView+UIImage.h */,
				2C60031F2110439F003E520B /* UIView+UIImage.m */,
			);
			path = View2Image;
			sourceTree = "<group>";
		};
		2CF8E41F21003B0A00BA06AC /* Composite Prototype Iterator */ = {
			isa = PBXGroup;
			children = (
				2CF8E42021003B3300BA06AC /* Mark.h */,
				2CF8E42121003C3100BA06AC /* Stroke.h */,
				2CF8E42221003C3100BA06AC /* Stroke.m */,
				2CF8E42421003EB400BA06AC /* Vertex.h */,
				2CF8E42521003EB400BA06AC /* Vertex.m */,
				2CF8E42721003FCA00BA06AC /* Dot.h */,
				2CF8E42821003FCA00BA06AC /* Dot.m */,
			);
			path = "Composite Prototype Iterator";
			sourceTree = "<group>";
		};
		2CF8E4432100B1B300BA06AC /* Vistor */ = {
			isa = PBXGroup;
			children = (
				2CF8E4442100B1CF00BA06AC /* MarkVisitor.h */,
				2CF8E4452100B23F00BA06AC /* MarkRenderer.h */,
				2CF8E4462100B23F00BA06AC /* MarkRenderer.m */,
			);
			path = Vistor;
			sourceTree = "<group>";
		};
		A72B2647E39A5A96803CC039 /* Frameworks */ = {
			isa = PBXGroup;
			children = (
				87F86D1E1C95A4F2272982EB /* libPods-TouchPainter.a */,
				2D87D2642B43AF869ACEB5EA /* libPods-TouchPainterTests.a */,
				CD45A4CBEE44C3256F429FF4 /* libPods-TouchPainterUITests.a */,
			);
			name = Frameworks;
			sourceTree = "<group>";
		};
		BFB7B0D39BB1367CE2BB2999 /* Pods */ = {
			isa = PBXGroup;
			children = (
				F6221EBE0A1D41561C26BA3F /* Pods-TouchPainter.debug.xcconfig */,
				E41A265905FB6BC3F76A022D /* Pods-TouchPainter.release.xcconfig */,
				4C8F3BE9719FA5E8D189C785 /* Pods-TouchPainterTests.debug.xcconfig */,
				9899DF706D7C452176F65FE5 /* Pods-TouchPainterTests.release.xcconfig */,
				3C982E9D64C4297E7B07764A /* Pods-TouchPainterUITests.debug.xcconfig */,
				356C6579893E4DDA959B24A9 /* Pods-TouchPainterUITests.release.xcconfig */,
			);
			name = Pods;
			sourceTree = "<group>";
		};
/* End PBXGroup section */

/* Begin PBXNativeTarget section */
		2C49EFC420FEE27500BE0D1B /* TouchPainter */ = {
			isa = PBXNativeTarget;
			buildConfigurationList = 2C49EFF120FEE27600BE0D1B /* Build configuration list for PBXNativeTarget "TouchPainter" */;
			buildPhases = (
				07A9BBE5D287C356CEA2EBFE /* [CP] Check Pods Manifest.lock */,
				2C49EFC120FEE27500BE0D1B /* Sources */,
				2C49EFC220FEE27500BE0D1B /* Frameworks */,
				2C49EFC320FEE27500BE0D1B /* Resources */,
			);
			buildRules = (
			);
			dependencies = (
			);
			name = TouchPainter;
			productName = TouchPainter;
			productReference = 2C49EFC520FEE27500BE0D1B /* TouchPainter.app */;
			productType = "com.apple.product-type.application";
		};
		2C49EFDC20FEE27600BE0D1B /* TouchPainterTests */ = {
			isa = PBXNativeTarget;
			buildConfigurationList = 2C49EFF420FEE27600BE0D1B /* Build configuration list for PBXNativeTarget "TouchPainterTests" */;
			buildPhases = (
				E5197745DA88C2CCEC5FB183 /* [CP] Check Pods Manifest.lock */,
				2C49EFD920FEE27600BE0D1B /* Sources */,
				2C49EFDA20FEE27600BE0D1B /* Frameworks */,
				2C49EFDB20FEE27600BE0D1B /* Resources */,
			);
			buildRules = (
			);
			dependencies = (
				2C49EFDF20FEE27600BE0D1B /* PBXTargetDependency */,
			);
			name = TouchPainterTests;
			productName = TouchPainterTests;
			productReference = 2C49EFDD20FEE27600BE0D1B /* TouchPainterTests.xctest */;
			productType = "com.apple.product-type.bundle.unit-test";
		};
		2C49EFE720FEE27600BE0D1B /* TouchPainterUITests */ = {
			isa = PBXNativeTarget;
			buildConfigurationList = 2C49EFF720FEE27600BE0D1B /* Build configuration list for PBXNativeTarget "TouchPainterUITests" */;
			buildPhases = (
				8320EF8E75E15F362AF72AE8 /* [CP] Check Pods Manifest.lock */,
				2C49EFE420FEE27600BE0D1B /* Sources */,
				2C49EFE520FEE27600BE0D1B /* Frameworks */,
				2C49EFE620FEE27600BE0D1B /* Resources */,
			);
			buildRules = (
			);
			dependencies = (
				2C49EFEA20FEE27600BE0D1B /* PBXTargetDependency */,
			);
			name = TouchPainterUITests;
			productName = TouchPainterUITests;
			productReference = 2C49EFE820FEE27600BE0D1B /* TouchPainterUITests.xctest */;
			productType = "com.apple.product-type.bundle.ui-testing";
		};
/* End PBXNativeTarget section */

/* Begin PBXProject section */
		2C49EFBD20FEE27500BE0D1B /* Project object */ = {
			isa = PBXProject;
			attributes = {
				LastUpgradeCheck = 0930;
				ORGANIZATIONNAME = hxsd;
				TargetAttributes = {
					2C49EFC420FEE27500BE0D1B = {
						CreatedOnToolsVersion = 9.3.1;
					};
					2C49EFDC20FEE27600BE0D1B = {
						CreatedOnToolsVersion = 9.3.1;
						TestTargetID = 2C49EFC420FEE27500BE0D1B;
					};
					2C49EFE720FEE27600BE0D1B = {
						CreatedOnToolsVersion = 9.3.1;
						TestTargetID = 2C49EFC420FEE27500BE0D1B;
					};
				};
			};
			buildConfigurationList = 2C49EFC020FEE27500BE0D1B /* Build configuration list for PBXProject "TouchPainter" */;
			compatibilityVersion = "Xcode 9.3";
			developmentRegion = en;
			hasScannedForEncodings = 0;
			knownRegions = (
				en,
				Base,
			);
			mainGroup = 2C49EFBC20FEE27500BE0D1B;
			productRefGroup = 2C49EFC620FEE27500BE0D1B /* Products */;
			projectDirPath = "";
			projectRoot = "";
			targets = (
				2C49EFC420FEE27500BE0D1B /* TouchPainter */,
				2C49EFDC20FEE27600BE0D1B /* TouchPainterTests */,
				2C49EFE720FEE27600BE0D1B /* TouchPainterUITests */,
			);
		};
/* End PBXProject section */

/* Begin PBXResourcesBuildPhase section */
		2C49EFC320FEE27500BE0D1B /* Resources */ = {
			isa = PBXResourcesBuildPhase;
			buildActionMask = 2147483647;
			files = (
				2C49F00620FEE34C00BE0D1B /* PaletteViewController.xib in Resources */,
				2C49F00020FEE32600BE0D1B /* CanvasViewController.xib in Resources */,
				2C49F00C20FEE36300BE0D1B /* ThumbnailViewController.xib in Resources */,
				2C49EFD520FEE27600BE0D1B /* LaunchScreen.storyboard in Resources */,
				2C49EFD220FEE27600BE0D1B /* Assets.xcassets in Resources */,
			);
			runOnlyForDeploymentPostprocessing = 0;
		};
		2C49EFDB20FEE27600BE0D1B /* Resources */ = {
			isa = PBXResourcesBuildPhase;
			buildActionMask = 2147483647;
			files = (
			);
			runOnlyForDeploymentPostprocessing = 0;
		};
		2C49EFE620FEE27600BE0D1B /* Resources */ = {
			isa = PBXResourcesBuildPhase;
			buildActionMask = 2147483647;
			files = (
			);
			runOnlyForDeploymentPostprocessing = 0;
		};
/* End PBXResourcesBuildPhase section */

/* Begin PBXShellScriptBuildPhase section */
		07A9BBE5D287C356CEA2EBFE /* [CP] Check Pods Manifest.lock */ = {
			isa = PBXShellScriptBuildPhase;
			buildActionMask = 2147483647;
			files = (
			);
			inputPaths = (
				"${PODS_PODFILE_DIR_PATH}/Podfile.lock",
				"${PODS_ROOT}/Manifest.lock",
			);
			name = "[CP] Check Pods Manifest.lock";
			outputPaths = (
				"$(DERIVED_FILE_DIR)/Pods-TouchPainter-checkManifestLockResult.txt",
			);
			runOnlyForDeploymentPostprocessing = 0;
			shellPath = /bin/sh;
			shellScript = "diff \"${PODS_PODFILE_DIR_PATH}/Podfile.lock\" \"${PODS_ROOT}/Manifest.lock\" > /dev/null\nif [ $? != 0 ] ; then\n    # print error to STDERR\n    echo \"error: The sandbox is not in sync with the Podfile.lock. Run 'pod install' or update your CocoaPods installation.\" >&2\n    exit 1\nfi\n# This output is used by Xcode 'outputs' to avoid re-running this script phase.\necho \"SUCCESS\" > \"${SCRIPT_OUTPUT_FILE_0}\"\n";
			showEnvVarsInLog = 0;
		};
		8320EF8E75E15F362AF72AE8 /* [CP] Check Pods Manifest.lock */ = {
			isa = PBXShellScriptBuildPhase;
			buildActionMask = 2147483647;
			files = (
			);
			inputPaths = (
				"${PODS_PODFILE_DIR_PATH}/Podfile.lock",
				"${PODS_ROOT}/Manifest.lock",
			);
			name = "[CP] Check Pods Manifest.lock";
			outputPaths = (
				"$(DERIVED_FILE_DIR)/Pods-TouchPainterUITests-checkManifestLockResult.txt",
			);
			runOnlyForDeploymentPostprocessing = 0;
			shellPath = /bin/sh;
			shellScript = "diff \"${PODS_PODFILE_DIR_PATH}/Podfile.lock\" \"${PODS_ROOT}/Manifest.lock\" > /dev/null\nif [ $? != 0 ] ; then\n    # print error to STDERR\n    echo \"error: The sandbox is not in sync with the Podfile.lock. Run 'pod install' or update your CocoaPods installation.\" >&2\n    exit 1\nfi\n# This output is used by Xcode 'outputs' to avoid re-running this script phase.\necho \"SUCCESS\" > \"${SCRIPT_OUTPUT_FILE_0}\"\n";
			showEnvVarsInLog = 0;
		};
		E5197745DA88C2CCEC5FB183 /* [CP] Check Pods Manifest.lock */ = {
			isa = PBXShellScriptBuildPhase;
			buildActionMask = 2147483647;
			files = (
			);
			inputPaths = (
				"${PODS_PODFILE_DIR_PATH}/Podfile.lock",
				"${PODS_ROOT}/Manifest.lock",
			);
			name = "[CP] Check Pods Manifest.lock";
			outputPaths = (
				"$(DERIVED_FILE_DIR)/Pods-TouchPainterTests-checkManifestLockResult.txt",
			);
			runOnlyForDeploymentPostprocessing = 0;
			shellPath = /bin/sh;
			shellScript = "diff \"${PODS_PODFILE_DIR_PATH}/Podfile.lock\" \"${PODS_ROOT}/Manifest.lock\" > /dev/null\nif [ $? != 0 ] ; then\n    # print error to STDERR\n    echo \"error: The sandbox is not in sync with the Podfile.lock. Run 'pod install' or update your CocoaPods installation.\" >&2\n    exit 1\nfi\n# This output is used by Xcode 'outputs' to avoid re-running this script phase.\necho \"SUCCESS\" > \"${SCRIPT_OUTPUT_FILE_0}\"\n";
			showEnvVarsInLog = 0;
		};
/* End PBXShellScriptBuildPhase section */

/* Begin PBXSourcesBuildPhase section */
		2C49EFC120FEE27500BE0D1B /* Sources */ = {
			isa = PBXSourcesBuildPhase;
			buildActionMask = 2147483647;
			files = (
				2C6003202110439F003E520B /* UIView+UIImage.m in Sources */,
				2C405F3B2109A6A100058469 /* DeleteScribbleCommand.m in Sources */,
				2C49F01120FEE3EE00BE0D1B /* CoordinatingController.m in Sources */,
				2CF8E42621003EB400BA06AC /* Vertex.m in Sources */,
				2C5CBFF7211189A5004F33BE /* ClothCanvasView.m in Sources */,
				2C60031821103D94003E520B /* SetStrokeSizeCommand.m in Sources */,
				2C5270732101843200A98DCD /* CanvasView.m in Sources */,
				2C6003112110340C003E520B /* SetStrokeColorCommand.m in Sources */,
				2C405F352109703000058469 /* DrawScribbleCommand.m in Sources */,
				2C49F00520FEE34C00BE0D1B /* PaletteViewController.m in Sources */,
				2C405F3221096F8900058469 /* Command.m in Sources */,
				2C52706F210180A300A98DCD /* Scribble.m in Sources */,
				2C405F3F2109A71000058469 /* CommandBarButton.m in Sources */,
				2C38A9D9210805E8008DF10D /* ScribbleManager.m in Sources */,
				2C49EFD820FEE27600BE0D1B /* main.m in Sources */,
				2C405F382109735500058469 /* NSMutableArray+Stack.m in Sources */,
				2C8F6F7621070DC700D4C0F5 /* ScribbleMemento.m in Sources */,
				2C5CC00421118A8B004F33BE /* PaperCanvasViewGenerator.m in Sources */,
				2C60031B2110427A003E520B /* SaveScribbleCommand.m in Sources */,
				2C49EFCA20FEE27500BE0D1B /* AppDelegate.m in Sources */,
				2C5CBFFE211189EF004F33BE /* CanvasViewGenerator.m in Sources */,
				2CF8E4472100B23F00BA06AC /* MarkRenderer.m in Sources */,
				2C49F00B20FEE36300BE0D1B /* ThumbnailViewController.m in Sources */,
				2C5CBFFA211189B4004F33BE /* PaperCanvasView.m in Sources */,
				2CF8E42921003FCA00BA06AC /* Dot.m in Sources */,
				2CF8E42321003C3100BA06AC /* Stroke.m in Sources */,
				2C5CC00121118A77004F33BE /* ClothCanvasViewGenerator.m in Sources */,
				2C49EFFF20FEE32600BE0D1B /* CanvasViewController.m in Sources */,
				2C6003152110344A003E520B /* CommandSlider.m in Sources */,
			);
			runOnlyForDeploymentPostprocessing = 0;
		};
		2C49EFD920FEE27600BE0D1B /* Sources */ = {
			isa = PBXSourcesBuildPhase;
			buildActionMask = 2147483647;
			files = (
				2C49EFE220FEE27600BE0D1B /* TouchPainterTests.m in Sources */,
			);
			runOnlyForDeploymentPostprocessing = 0;
		};
		2C49EFE420FEE27600BE0D1B /* Sources */ = {
			isa = PBXSourcesBuildPhase;
			buildActionMask = 2147483647;
			files = (
				2C49EFED20FEE27600BE0D1B /* TouchPainterUITests.m in Sources */,
			);
			runOnlyForDeploymentPostprocessing = 0;
		};
/* End PBXSourcesBuildPhase section */

/* Begin PBXTargetDependency section */
		2C49EFDF20FEE27600BE0D1B /* PBXTargetDependency */ = {
			isa = PBXTargetDependency;
			target = 2C49EFC420FEE27500BE0D1B /* TouchPainter */;
			targetProxy = 2C49EFDE20FEE27600BE0D1B /* PBXContainerItemProxy */;
		};
		2C49EFEA20FEE27600BE0D1B /* PBXTargetDependency */ = {
			isa = PBXTargetDependency;
			target = 2C49EFC420FEE27500BE0D1B /* TouchPainter */;
			targetProxy = 2C49EFE920FEE27600BE0D1B /* PBXContainerItemProxy */;
		};
/* End PBXTargetDependency section */

/* Begin PBXVariantGroup section */
		2C49EFD320FEE27600BE0D1B /* LaunchScreen.storyboard */ = {
			isa = PBXVariantGroup;
			children = (
				2C49EFD420FEE27600BE0D1B /* Base */,
			);
			name = LaunchScreen.storyboard;
			sourceTree = "<group>";
		};
/* End PBXVariantGroup section */

/* Begin XCBuildConfiguration section */
		2C49EFEF20FEE27600BE0D1B /* Debug */ = {
			isa = XCBuildConfiguration;
			buildSettings = {
				ALWAYS_SEARCH_USER_PATHS = NO;
				CLANG_ANALYZER_NONNULL = YES;
				CLANG_ANALYZER_NUMBER_OBJECT_CONVERSION = YES_AGGRESSIVE;
				CLANG_CXX_LANGUAGE_STANDARD = "gnu++14";
				CLANG_CXX_LIBRARY = "libc++";
				CLANG_ENABLE_MODULES = YES;
				CLANG_ENABLE_OBJC_ARC = YES;
				CLANG_ENABLE_OBJC_WEAK = YES;
				CLANG_WARN_BLOCK_CAPTURE_AUTORELEASING = YES;
				CLANG_WARN_BOOL_CONVERSION = YES;
				CLANG_WARN_COMMA = YES;
				CLANG_WARN_CONSTANT_CONVERSION = YES;
				CLANG_WARN_DEPRECATED_OBJC_IMPLEMENTATIONS = YES;
				CLANG_WARN_DIRECT_OBJC_ISA_USAGE = YES_ERROR;
				CLANG_WARN_DOCUMENTATION_COMMENTS = YES;
				CLANG_WARN_EMPTY_BODY = YES;
				CLANG_WARN_ENUM_CONVERSION = YES;
				CLANG_WARN_INFINITE_RECURSION = YES;
				CLANG_WARN_INT_CONVERSION = YES;
				CLANG_WARN_NON_LITERAL_NULL_CONVERSION = YES;
				CLANG_WARN_OBJC_IMPLICIT_RETAIN_SELF = YES;
				CLANG_WARN_OBJC_LITERAL_CONVERSION = YES;
				CLANG_WARN_OBJC_ROOT_CLASS = YES_ERROR;
				CLANG_WARN_RANGE_LOOP_ANALYSIS = YES;
				CLANG_WARN_STRICT_PROTOTYPES = YES;
				CLANG_WARN_SUSPICIOUS_MOVE = YES;
				CLANG_WARN_UNGUARDED_AVAILABILITY = YES_AGGRESSIVE;
				CLANG_WARN_UNREACHABLE_CODE = YES;
				CLANG_WARN__DUPLICATE_METHOD_MATCH = YES;
				CODE_SIGN_IDENTITY = "iPhone Developer";
				COPY_PHASE_STRIP = NO;
				DEBUG_INFORMATION_FORMAT = dwarf;
				ENABLE_STRICT_OBJC_MSGSEND = YES;
				ENABLE_TESTABILITY = YES;
				GCC_C_LANGUAGE_STANDARD = gnu11;
				GCC_DYNAMIC_NO_PIC = NO;
				GCC_NO_COMMON_BLOCKS = YES;
				GCC_OPTIMIZATION_LEVEL = 0;
				GCC_PREPROCESSOR_DEFINITIONS = (
					"DEBUG=1",
					"$(inherited)",
				);
				GCC_WARN_64_TO_32_BIT_CONVERSION = YES;
				GCC_WARN_ABOUT_RETURN_TYPE = YES_ERROR;
				GCC_WARN_UNDECLARED_SELECTOR = YES;
				GCC_WARN_UNINITIALIZED_AUTOS = YES_AGGRESSIVE;
				GCC_WARN_UNUSED_FUNCTION = YES;
				GCC_WARN_UNUSED_VARIABLE = YES;
				IPHONEOS_DEPLOYMENT_TARGET = 11.3;
				MTL_ENABLE_DEBUG_INFO = YES;
				ONLY_ACTIVE_ARCH = YES;
				SDKROOT = iphoneos;
			};
			name = Debug;
		};
		2C49EFF020FEE27600BE0D1B /* Release */ = {
			isa = XCBuildConfiguration;
			buildSettings = {
				ALWAYS_SEARCH_USER_PATHS = NO;
				CLANG_ANALYZER_NONNULL = YES;
				CLANG_ANALYZER_NUMBER_OBJECT_CONVERSION = YES_AGGRESSIVE;
				CLANG_CXX_LANGUAGE_STANDARD = "gnu++14";
				CLANG_CXX_LIBRARY = "libc++";
				CLANG_ENABLE_MODULES = YES;
				CLANG_ENABLE_OBJC_ARC = YES;
				CLANG_ENABLE_OBJC_WEAK = YES;
				CLANG_WARN_BLOCK_CAPTURE_AUTORELEASING = YES;
				CLANG_WARN_BOOL_CONVERSION = YES;
				CLANG_WARN_COMMA = YES;
				CLANG_WARN_CONSTANT_CONVERSION = YES;
				CLANG_WARN_DEPRECATED_OBJC_IMPLEMENTATIONS = YES;
				CLANG_WARN_DIRECT_OBJC_ISA_USAGE = YES_ERROR;
				CLANG_WARN_DOCUMENTATION_COMMENTS = YES;
				CLANG_WARN_EMPTY_BODY = YES;
				CLANG_WARN_ENUM_CONVERSION = YES;
				CLANG_WARN_INFINITE_RECURSION = YES;
				CLANG_WARN_INT_CONVERSION = YES;
				CLANG_WARN_NON_LITERAL_NULL_CONVERSION = YES;
				CLANG_WARN_OBJC_IMPLICIT_RETAIN_SELF = YES;
				CLANG_WARN_OBJC_LITERAL_CONVERSION = YES;
				CLANG_WARN_OBJC_ROOT_CLASS = YES_ERROR;
				CLANG_WARN_RANGE_LOOP_ANALYSIS = YES;
				CLANG_WARN_STRICT_PROTOTYPES = YES;
				CLANG_WARN_SUSPICIOUS_MOVE = YES;
				CLANG_WARN_UNGUARDED_AVAILABILITY = YES_AGGRESSIVE;
				CLANG_WARN_UNREACHABLE_CODE = YES;
				CLANG_WARN__DUPLICATE_METHOD_MATCH = YES;
				CODE_SIGN_IDENTITY = "iPhone Developer";
				COPY_PHASE_STRIP = NO;
				DEBUG_INFORMATION_FORMAT = "dwarf-with-dsym";
				ENABLE_NS_ASSERTIONS = NO;
				ENABLE_STRICT_OBJC_MSGSEND = YES;
				GCC_C_LANGUAGE_STANDARD = gnu11;
				GCC_NO_COMMON_BLOCKS = YES;
				GCC_WARN_64_TO_32_BIT_CONVERSION = YES;
				GCC_WARN_ABOUT_RETURN_TYPE = YES_ERROR;
				GCC_WARN_UNDECLARED_SELECTOR = YES;
				GCC_WARN_UNINITIALIZED_AUTOS = YES_AGGRESSIVE;
				GCC_WARN_UNUSED_FUNCTION = YES;
				GCC_WARN_UNUSED_VARIABLE = YES;
				IPHONEOS_DEPLOYMENT_TARGET = 11.3;
				MTL_ENABLE_DEBUG_INFO = NO;
				SDKROOT = iphoneos;
				VALIDATE_PRODUCT = YES;
			};
			name = Release;
		};
		2C49EFF220FEE27600BE0D1B /* Debug */ = {
			isa = XCBuildConfiguration;
			baseConfigurationReference = F6221EBE0A1D41561C26BA3F /* Pods-TouchPainter.debug.xcconfig */;
			buildSettings = {
				ASSETCATALOG_COMPILER_APPICON_NAME = AppIcon;
				CODE_SIGN_STYLE = Automatic;
				DEVELOPMENT_TEAM = DSLNCGKRF8;
				ENABLE_BITCODE = NO;
				GCC_PREFIX_HEADER = "$(SRCROOT)/TouchPainter/TouchPainter.pch";
				INFOPLIST_FILE = TouchPainter/Info.plist;
				IPHONEOS_DEPLOYMENT_TARGET = 10.0;
				LD_RUNPATH_SEARCH_PATHS = (
					"$(inherited)",
					"@executable_path/Frameworks",
				);
				PRODUCT_BUNDLE_IDENTIFIER = com.lym.test;
				PRODUCT_NAME = "$(TARGET_NAME)";
				TARGETED_DEVICE_FAMILY = "1,2";
			};
			name = Debug;
		};
		2C49EFF320FEE27600BE0D1B /* Release */ = {
			isa = XCBuildConfiguration;
			baseConfigurationReference = E41A265905FB6BC3F76A022D /* Pods-TouchPainter.release.xcconfig */;
			buildSettings = {
				ASSETCATALOG_COMPILER_APPICON_NAME = AppIcon;
				CODE_SIGN_STYLE = Automatic;
				DEVELOPMENT_TEAM = DSLNCGKRF8;
				ENABLE_BITCODE = NO;
				GCC_PREFIX_HEADER = "$(SRCROOT)/TouchPainter/TouchPainter.pch";
				INFOPLIST_FILE = TouchPainter/Info.plist;
				IPHONEOS_DEPLOYMENT_TARGET = 10.0;
				LD_RUNPATH_SEARCH_PATHS = (
					"$(inherited)",
					"@executable_path/Frameworks",
				);
				PRODUCT_BUNDLE_IDENTIFIER = com.lym.test;
				PRODUCT_NAME = "$(TARGET_NAME)";
				TARGETED_DEVICE_FAMILY = "1,2";
			};
			name = Release;
		};
		2C49EFF520FEE27600BE0D1B /* Debug */ = {
			isa = XCBuildConfiguration;
			baseConfigurationReference = 4C8F3BE9719FA5E8D189C785 /* Pods-TouchPainterTests.debug.xcconfig */;
			buildSettings = {
				BUNDLE_LOADER = "$(TEST_HOST)";
				CODE_SIGN_STYLE = Automatic;
				INFOPLIST_FILE = TouchPainterTests/Info.plist;
				LD_RUNPATH_SEARCH_PATHS = (
					"$(inherited)",
					"@executable_path/Frameworks",
					"@loader_path/Frameworks",
				);
				PRODUCT_BUNDLE_IDENTIFIER = f.TouchPainterTests;
				PRODUCT_NAME = "$(TARGET_NAME)";
				TARGETED_DEVICE_FAMILY = "1,2";
				TEST_HOST = "$(BUILT_PRODUCTS_DIR)/TouchPainter.app/TouchPainter";
			};
			name = Debug;
		};
		2C49EFF620FEE27600BE0D1B /* Release */ = {
			isa = XCBuildConfiguration;
			baseConfigurationReference = 9899DF706D7C452176F65FE5 /* Pods-TouchPainterTests.release.xcconfig */;
			buildSettings = {
				BUNDLE_LOADER = "$(TEST_HOST)";
				CODE_SIGN_STYLE = Automatic;
				INFOPLIST_FILE = TouchPainterTests/Info.plist;
				LD_RUNPATH_SEARCH_PATHS = (
					"$(inherited)",
					"@executable_path/Frameworks",
					"@loader_path/Frameworks",
				);
				PRODUCT_BUNDLE_IDENTIFIER = f.TouchPainterTests;
				PRODUCT_NAME = "$(TARGET_NAME)";
				TARGETED_DEVICE_FAMILY = "1,2";
				TEST_HOST = "$(BUILT_PRODUCTS_DIR)/TouchPainter.app/TouchPainter";
			};
			name = Release;
		};
		2C49EFF820FEE27600BE0D1B /* Debug */ = {
			isa = XCBuildConfiguration;
			baseConfigurationReference = 3C982E9D64C4297E7B07764A /* Pods-TouchPainterUITests.debug.xcconfig */;
			buildSettings = {
				CODE_SIGN_STYLE = Automatic;
				INFOPLIST_FILE = TouchPainterUITests/Info.plist;
				LD_RUNPATH_SEARCH_PATHS = (
					"$(inherited)",
					"@executable_path/Frameworks",
					"@loader_path/Frameworks",
				);
				PRODUCT_BUNDLE_IDENTIFIER = f.TouchPainterUITests;
				PRODUCT_NAME = "$(TARGET_NAME)";
				TARGETED_DEVICE_FAMILY = "1,2";
				TEST_TARGET_NAME = TouchPainter;
			};
			name = Debug;
		};
		2C49EFF920FEE27600BE0D1B /* Release */ = {
			isa = XCBuildConfiguration;
			baseConfigurationReference = 356C6579893E4DDA959B24A9 /* Pods-TouchPainterUITests.release.xcconfig */;
			buildSettings = {
				CODE_SIGN_STYLE = Automatic;
				INFOPLIST_FILE = TouchPainterUITests/Info.plist;
				LD_RUNPATH_SEARCH_PATHS = (
					"$(inherited)",
					"@executable_path/Frameworks",
					"@loader_path/Frameworks",
				);
				PRODUCT_BUNDLE_IDENTIFIER = f.TouchPainterUITests;
				PRODUCT_NAME = "$(TARGET_NAME)";
				TARGETED_DEVICE_FAMILY = "1,2";
				TEST_TARGET_NAME = TouchPainter;
			};
			name = Release;
		};
/* End XCBuildConfiguration section */

/* Begin XCConfigurationList section */
		2C49EFC020FEE27500BE0D1B /* Build configuration list for PBXProject "TouchPainter" */ = {
			isa = XCConfigurationList;
			buildConfigurations = (
				2C49EFEF20FEE27600BE0D1B /* Debug */,
				2C49EFF020FEE27600BE0D1B /* Release */,
			);
			defaultConfigurationIsVisible = 0;
			defaultConfigurationName = Release;
		};
		2C49EFF120FEE27600BE0D1B /* Build configuration list for PBXNativeTarget "TouchPainter" */ = {
			isa = XCConfigurationList;
			buildConfigurations = (
				2C49EFF220FEE27600BE0D1B /* Debug */,
				2C49EFF320FEE27600BE0D1B /* Release */,
			);
			defaultConfigurationIsVisible = 0;
			defaultConfigurationName = Release;
		};
		2C49EFF420FEE27600BE0D1B /* Build configuration list for PBXNativeTarget "TouchPainterTests" */ = {
			isa = XCConfigurationList;
			buildConfigurations = (
				2C49EFF520FEE27600BE0D1B /* Debug */,
				2C49EFF620FEE27600BE0D1B /* Release */,
			);
			defaultConfigurationIsVisible = 0;
			defaultConfigurationName = Release;
		};
		2C49EFF720FEE27600BE0D1B /* Build configuration list for PBXNativeTarget "TouchPainterUITests" */ = {
			isa = XCConfigurationList;
			buildConfigurations = (
				2C49EFF820FEE27600BE0D1B /* Debug */,
				2C49EFF920FEE27600BE0D1B /* Release */,
			);
			defaultConfigurationIsVisible = 0;
			defaultConfigurationName = Release;
		};
/* End XCConfigurationList section */
	};
	rootObject = 2C49EFBD20FEE27500BE0D1B /* Project object */;
}
