// !$*UTF8*$!
{
	archiveVersion = 1;
	classes = {
	};
	objectVersion = 50;
	objects = {

/* Begin PBXBuildFile section */
		2C49EFCA20FEE27500BE0D1B /* AppDelegate.m in Sources */ = {isa = PBXBuildFile; fileRef = 2C49EFC920FEE27500BE0D1B /* AppDelegate.m */; };
		2C49EFD220FEE27600BE0D1B /* Assets.xcassets in Resources */ = {isa = PBXBuildFile; fileRef = 2C49EFD120FEE27600BE0D1B /* Assets.xcassets */; };
		2C49EFD520FEE27600BE0D1B /* LaunchScreen.storyboard in Resources */ = {isa = PBXBuildFile; fileRef = 2C49EFD320FEE27600BE0D1B /* LaunchScreen.storyboard */; };
		2C49EFD820FEE27600BE0D1B /* main.m in Sources */ = {isa = PBXBuildFile; fileRef = 2C49EFD720FEE27600BE0D1B /* main.m */; };
		2C49EFE220FEE27600BE0D1B /* TouchPainterTests.m in Sources */ = {isa = PBXBuildFile; fileRef = 2C49EFE120FEE27600BE0D1B /* TouchPainterTests.m */; };
		2C49EFED20FEE27600BE0D1B /* TouchPainterUITests.m in Sources */ = {isa = PBXBuildFile; fileRef = 2C49EFEC20FEE27600BE0D1B /* TouchPainterUITests.m */; };
		2C49EFFF20FEE32600BE0D1B /* CanvasViewController.m in Sources */ = {isa = PBXBuildFile; fileRef = 2C49EFFD20FEE32600BE0D1B /* CanvasViewController.m */; };
		2C49F00020FEE32600BE0D1B /* CanvasViewController.xib in Resources */ = {isa = PBXBuildFile; fileRef = 2C49EFFE20FEE32600BE0D1B /* CanvasViewController.xib */; };
		2C49F00520FEE34C00BE0D1B /* PaletteViewController.m in Sources */ = {isa = PBXBuildFile; fileRef = 2C49F00320FEE34C00BE0D1B /* PaletteViewController.m */; };
		2C49F00620FEE34C00BE0D1B /* PaletteViewController.xib in Resources */ = {isa = PBXBuildFile; fileRef = 2C49F00420FEE34C00BE0D1B /* PaletteViewController.xib */; };
		2C49F00B20FEE36300BE0D1B /* ThumbnailViewController.m in Sources */ = {isa = PBXBuildFile; fileRef = 2C49F00920FEE36300BE0D1B /* ThumbnailViewController.m */; };
		2C49F00C20FEE36300BE0D1B /* ThumbnailViewController.xib in Resources */ = {isa = PBXBuildFile; fileRef = 2C49F00A20FEE36300BE0D1B /* ThumbnailViewController.xib */; };
/* End PBXBuildFile section */

/* Begin PBXContainerItemProxy section */
		2C49EFDE20FEE27600BE0D1B /* PBXContainerItemProxy */ = {
			isa = PBXContainerItemProxy;
			containerPortal = 2C49EFBD20FEE27500BE0D1B /* Project object */;
			proxyType = 1;
			remoteGlobalIDString = 2C49EFC420FEE27500BE0D1B;
			remoteInfo = TouchPainter;
		};
		2C49EFE920FEE27600BE0D1B /* PBXContainerItemProxy */ = {
			isa = PBXContainerItemProxy;
			containerPortal = 2C49EFBD20FEE27500BE0D1B /* Project object */;
			proxyType = 1;
			remoteGlobalIDString = 2C49EFC420FEE27500BE0D1B;
			remoteInfo = TouchPainter;
		};
/* End PBXContainerItemProxy section */

/* Begin PBXFileReference section */
		2C49EFC520FEE27500BE0D1B /* TouchPainter.app */ = {isa = PBXFileReference; explicitFileType = wrapper.application; includeInIndex = 0; path = TouchPainter.app; sourceTree = BUILT_PRODUCTS_DIR; };
		2C49EFC820FEE27500BE0D1B /* AppDelegate.h */ = {isa = PBXFileReference; lastKnownFileType = sourcecode.c.h; path = AppDelegate.h; sourceTree = "<group>"; };
		2C49EFC920FEE27500BE0D1B /* AppDelegate.m */ = {isa = PBXFileReference; lastKnownFileType = sourcecode.c.objc; path = AppDelegate.m; sourceTree = "<group>"; };
		2C49EFD120FEE27600BE0D1B /* Assets.xcassets */ = {isa = PBXFileReference; lastKnownFileType = folder.assetcatalog; path = Assets.xcassets; sourceTree = "<group>"; };
		2C49EFD420FEE27600BE0D1B /* Base */ = {isa = PBXFileReference; lastKnownFileType = file.storyboard; name = Base; path = Base.lproj/LaunchScreen.storyboard; sourceTree = "<group>"; };
		2C49EFD620FEE27600BE0D1B /* Info.plist */ = {isa = PBXFileReference; lastKnownFileType = text.plist.xml; path = Info.plist; sourceTree = "<group>"; };
		2C49EFD720FEE27600BE0D1B /* main.m */ = {isa = PBXFileReference; lastKnownFileType = sourcecode.c.objc; path = main.m; sourceTree = "<group>"; };
		2C49EFDD20FEE27600BE0D1B /* TouchPainterTests.xctest */ = {isa = PBXFileReference; explicitFileType = wrapper.cfbundle; includeInIndex = 0; path = TouchPainterTests.xctest; sourceTree = BUILT_PRODUCTS_DIR; };
		2C49EFE120FEE27600BE0D1B /* TouchPainterTests.m */ = {isa = PBXFileReference; lastKnownFileType = sourcecode.c.objc; path = TouchPainterTests.m; sourceTree = "<group>"; };
		2C49EFE320FEE27600BE0D1B /* Info.plist */ = {isa = PBXFileReference; lastKnownFileType = text.plist.xml; path = Info.plist; sourceTree = "<group>"; };
		2C49EFE820FEE27600BE0D1B /* TouchPainterUITests.xctest */ = {isa = PBXFileReference; explicitFileType = wrapper.cfbundle; includeInIndex = 0; path = TouchPainterUITests.xctest; sourceTree = BUILT_PRODUCTS_DIR; };
		2C49EFEC20FEE27600BE0D1B /* TouchPainterUITests.m */ = {isa = PBXFileReference; lastKnownFileType = sourcecode.c.objc; path = TouchPainterUITests.m; sourceTree = "<group>"; };
		2C49EFEE20FEE27600BE0D1B /* Info.plist */ = {isa = PBXFileReference; lastKnownFileType = text.plist.xml; path = Info.plist; sourceTree = "<group>"; };
		2C49EFFC20FEE32600BE0D1B /* CanvasViewController.h */ = {isa = PBXFileReference; lastKnownFileType = sourcecode.c.h; path = CanvasViewController.h; sourceTree = "<group>"; };
		2C49EFFD20FEE32600BE0D1B /* CanvasViewController.m */ = {isa = PBXFileReference; lastKnownFileType = sourcecode.c.objc; path = CanvasViewController.m; sourceTree = "<group>"; };
		2C49EFFE20FEE32600BE0D1B /* CanvasViewController.xib */ = {isa = PBXFileReference; lastKnownFileType = file.xib; path = CanvasViewController.xib; sourceTree = "<group>"; };
		2C49F00220FEE34C00BE0D1B /* PaletteViewController.h */ = {isa = PBXFileReference; lastKnownFileType = sourcecode.c.h; path = PaletteViewController.h; sourceTree = "<group>"; };
		2C49F00320FEE34C00BE0D1B /* PaletteViewController.m */ = {isa = PBXFileReference; lastKnownFileType = sourcecode.c.objc; path = PaletteViewController.m; sourceTree = "<group>"; };
		2C49F00420FEE34C00BE0D1B /* PaletteViewController.xib */ = {isa = PBXFileReference; lastKnownFileType = file.xib; path = PaletteViewController.xib; sourceTree = "<group>"; };
		2C49F00820FEE36300BE0D1B /* ThumbnailViewController.h */ = {isa = PBXFileReference; lastKnownFileType = sourcecode.c.h; path = ThumbnailViewController.h; sourceTree = "<group>"; };
		2C49F00920FEE36300BE0D1B /* ThumbnailViewController.m */ = {isa = PBXFileReference; lastKnownFileType = sourcecode.c.objc; path = ThumbnailViewController.m; sourceTree = "<group>"; };
		2C49F00A20FEE36300BE0D1B /* ThumbnailViewController.xib */ = {isa = PBXFileReference; lastKnownFileType = file.xib; path = ThumbnailViewController.xib; sourceTree = "<group>"; };
/* End PBXFileReference section */

/* Begin PBXFrameworksBuildPhase section */
		2C49EFC220FEE27500BE0D1B /* Frameworks */ = {
			isa = PBXFrameworksBuildPhase;
			buildActionMask = 2147483647;
			files = (
			);
			runOnlyForDeploymentPostprocessing = 0;
		};
		2C49EFDA20FEE27600BE0D1B /* Frameworks */ = {
			isa = PBXFrameworksBuildPhase;
			buildActionMask = 2147483647;
			files = (
			);
			runOnlyForDeploymentPostprocessing = 0;
		};
		2C49EFE520FEE27600BE0D1B /* Frameworks */ = {
			isa = PBXFrameworksBuildPhase;
			buildActionMask = 2147483647;
			files = (
			);
			runOnlyForDeploymentPostprocessing = 0;
		};
/* End PBXFrameworksBuildPhase section */

/* Begin PBXGroup section */
		2C49EFBC20FEE27500BE0D1B = {
			isa = PBXGroup;
			children = (
				2C49EFC720FEE27500BE0D1B /* TouchPainter */,
				2C49EFE020FEE27600BE0D1B /* TouchPainterTests */,
				2C49EFEB20FEE27600BE0D1B /* TouchPainterUITests */,
				2C49EFC620FEE27500BE0D1B /* Products */,
			);
			sourceTree = "<group>";
		};
		2C49EFC620FEE27500BE0D1B /* Products */ = {
			isa = PBXGroup;
			children = (
				2C49EFC520FEE27500BE0D1B /* TouchPainter.app */,
				2C49EFDD20FEE27600BE0D1B /* TouchPainterTests.xctest */,
				2C49EFE820FEE27600BE0D1B /* TouchPainterUITests.xctest */,
			);
			name = Products;
			sourceTree = "<group>";
		};
		2C49EFC720FEE27500BE0D1B /* TouchPainter */ = {
			isa = PBXGroup;
			children = (
				2C49EFC820FEE27500BE0D1B /* AppDelegate.h */,
				2C49EFC920FEE27500BE0D1B /* AppDelegate.m */,
				2C49EFFB20FEE31100BE0D1B /* View Controllers */,
				2C49EFD120FEE27600BE0D1B /* Assets.xcassets */,
				2C49EFD320FEE27600BE0D1B /* LaunchScreen.storyboard */,
				2C49EFD620FEE27600BE0D1B /* Info.plist */,
				2C49EFD720FEE27600BE0D1B /* main.m */,
			);
			path = TouchPainter;
			sourceTree = "<group>";
		};
		2C49EFE020FEE27600BE0D1B /* TouchPainterTests */ = {
			isa = PBXGroup;
			children = (
				2C49EFE120FEE27600BE0D1B /* TouchPainterTests.m */,
				2C49EFE320FEE27600BE0D1B /* Info.plist */,
			);
			path = TouchPainterTests;
			sourceTree = "<group>";
		};
		2C49EFEB20FEE27600BE0D1B /* TouchPainterUITests */ = {
			isa = PBXGroup;
			children = (
				2C49EFEC20FEE27600BE0D1B /* TouchPainterUITests.m */,
				2C49EFEE20FEE27600BE0D1B /* Info.plist */,
			);
			path = TouchPainterUITests;
			sourceTree = "<group>";
		};
		2C49EFFB20FEE31100BE0D1B /* View Controllers */ = {
			isa = PBXGroup;
			children = (
				2C49F00120FEE32E00BE0D1B /* CanvasViewController */,
				2C49F00720FEE35000BE0D1B /* PaletteViewController */,
				2C49F00D20FEE36600BE0D1B /* ThumbnailViewController */,
			);
			path = "View Controllers";
			sourceTree = "<group>";
		};
		2C49F00120FEE32E00BE0D1B /* CanvasViewController */ = {
			isa = PBXGroup;
			children = (
				2C49EFFC20FEE32600BE0D1B /* CanvasViewController.h */,
				2C49EFFD20FEE32600BE0D1B /* CanvasViewController.m */,
				2C49EFFE20FEE32600BE0D1B /* CanvasViewController.xib */,
			);
			path = CanvasViewController;
			sourceTree = "<group>";
		};
		2C49F00720FEE35000BE0D1B /* PaletteViewController */ = {
			isa = PBXGroup;
			children = (
				2C49F00220FEE34C00BE0D1B /* PaletteViewController.h */,
				2C49F00320FEE34C00BE0D1B /* PaletteViewController.m */,
				2C49F00420FEE34C00BE0D1B /* PaletteViewController.xib */,
			);
			path = PaletteViewController;
			sourceTree = "<group>";
		};
		2C49F00D20FEE36600BE0D1B /* ThumbnailViewController */ = {
			isa = PBXGroup;
			children = (
				2C49F00820FEE36300BE0D1B /* ThumbnailViewController.h */,
				2C49F00920FEE36300BE0D1B /* ThumbnailViewController.m */,
				2C49F00A20FEE36300BE0D1B /* ThumbnailViewController.xib */,
			);
			path = ThumbnailViewController;
			sourceTree = "<group>";
		};
/* End PBXGroup section */

/* Begin PBXNativeTarget section */
		2C49EFC420FEE27500BE0D1B /* TouchPainter */ = {
			isa = PBXNativeTarget;
			buildConfigurationList = 2C49EFF120FEE27600BE0D1B /* Build configuration list for PBXNativeTarget "TouchPainter" */;
			buildPhases = (
				2C49EFC120FEE27500BE0D1B /* Sources */,
				2C49EFC220FEE27500BE0D1B /* Frameworks */,
				2C49EFC320FEE27500BE0D1B /* Resources */,
			);
			buildRules = (
			);
			dependencies = (
			);
			name = TouchPainter;
			productName = TouchPainter;
			productReference = 2C49EFC520FEE27500BE0D1B /* TouchPainter.app */;
			productType = "com.apple.product-type.application";
		};
		2C49EFDC20FEE27600BE0D1B /* TouchPainterTests */ = {
			isa = PBXNativeTarget;
			buildConfigurationList = 2C49EFF420FEE27600BE0D1B /* Build configuration list for PBXNativeTarget "TouchPainterTests" */;
			buildPhases = (
				2C49EFD920FEE27600BE0D1B /* Sources */,
				2C49EFDA20FEE27600BE0D1B /* Frameworks */,
				2C49EFDB20FEE27600BE0D1B /* Resources */,
			);
			buildRules = (
			);
			dependencies = (
				2C49EFDF20FEE27600BE0D1B /* PBXTargetDependency */,
			);
			name = TouchPainterTests;
			productName = TouchPainterTests;
			productReference = 2C49EFDD20FEE27600BE0D1B /* TouchPainterTests.xctest */;
			productType = "com.apple.product-type.bundle.unit-test";
		};
		2C49EFE720FEE27600BE0D1B /* TouchPainterUITests */ = {
			isa = PBXNativeTarget;
			buildConfigurationList = 2C49EFF720FEE27600BE0D1B /* Build configuration list for PBXNativeTarget "TouchPainterUITests" */;
			buildPhases = (
				2C49EFE420FEE27600BE0D1B /* Sources */,
				2C49EFE520FEE27600BE0D1B /* Frameworks */,
				2C49EFE620FEE27600BE0D1B /* Resources */,
			);
			buildRules = (
			);
			dependencies = (
				2C49EFEA20FEE27600BE0D1B /* PBXTargetDependency */,
			);
			name = TouchPainterUITests;
			productName = TouchPainterUITests;
			productReference = 2C49EFE820FEE27600BE0D1B /* TouchPainterUITests.xctest */;
			productType = "com.apple.product-type.bundle.ui-testing";
		};
/* End PBXNativeTarget section */

/* Begin PBXProject section */
		2C49EFBD20FEE27500BE0D1B /* Project object */ = {
			isa = PBXProject;
			attributes = {
				LastUpgradeCheck = 0930;
				ORGANIZATIONNAME = hxsd;
				TargetAttributes = {
					2C49EFC420FEE27500BE0D1B = {
						CreatedOnToolsVersion = 9.3.1;
					};
					2C49EFDC20FEE27600BE0D1B = {
						CreatedOnToolsVersion = 9.3.1;
						TestTargetID = 2C49EFC420FEE27500BE0D1B;
					};
					2C49EFE720FEE27600BE0D1B = {
						CreatedOnToolsVersion = 9.3.1;
						TestTargetID = 2C49EFC420FEE27500BE0D1B;
					};
				};
			};
			buildConfigurationList = 2C49EFC020FEE27500BE0D1B /* Build configuration list for PBXProject "TouchPainter" */;
			compatibilityVersion = "Xcode 9.3";
			developmentRegion = en;
			hasScannedForEncodings = 0;
			knownRegions = (
				en,
				Base,
			);
			mainGroup = 2C49EFBC20FEE27500BE0D1B;
			productRefGroup = 2C49EFC620FEE27500BE0D1B /* Products */;
			projectDirPath = "";
			projectRoot = "";
			targets = (
				2C49EFC420FEE27500BE0D1B /* TouchPainter */,
				2C49EFDC20FEE27600BE0D1B /* TouchPainterTests */,
				2C49EFE720FEE27600BE0D1B /* TouchPainterUITests */,
			);
		};
/* End PBXProject section */

/* Begin PBXResourcesBuildPhase section */
		2C49EFC320FEE27500BE0D1B /* Resources */ = {
			isa = PBXResourcesBuildPhase;
			buildActionMask = 2147483647;
			files = (
				2C49F00620FEE34C00BE0D1B /* PaletteViewController.xib in Resources */,
				2C49F00020FEE32600BE0D1B /* CanvasViewController.xib in Resources */,
				2C49F00C20FEE36300BE0D1B /* ThumbnailViewController.xib in Resources */,
				2C49EFD520FEE27600BE0D1B /* LaunchScreen.storyboard in Resources */,
				2C49EFD220FEE27600BE0D1B /* Assets.xcassets in Resources */,
			);
			runOnlyForDeploymentPostprocessing = 0;
		};
		2C49EFDB20FEE27600BE0D1B /* Resources */ = {
			isa = PBXResourcesBuildPhase;
			buildActionMask = 2147483647;
			files = (
			);
			runOnlyForDeploymentPostprocessing = 0;
		};
		2C49EFE620FEE27600BE0D1B /* Resources */ = {
			isa = PBXResourcesBuildPhase;
			buildActionMask = 2147483647;
			files = (
			);
			runOnlyForDeploymentPostprocessing = 0;
		};
/* End PBXResourcesBuildPhase section */

/* Begin PBXSourcesBuildPhase section */
		2C49EFC120FEE27500BE0D1B /* Sources */ = {
			isa = PBXSourcesBuildPhase;
			buildActionMask = 2147483647;
			files = (
				2C49F00520FEE34C00BE0D1B /* PaletteViewController.m in Sources */,
				2C49EFD820FEE27600BE0D1B /* main.m in Sources */,
				2C49EFCA20FEE27500BE0D1B /* AppDelegate.m in Sources */,
				2C49F00B20FEE36300BE0D1B /* ThumbnailViewController.m in Sources */,
				2C49EFFF20FEE32600BE0D1B /* CanvasViewController.m in Sources */,
			);
			runOnlyForDeploymentPostprocessing = 0;
		};
		2C49EFD920FEE27600BE0D1B /* Sources */ = {
			isa = PBXSourcesBuildPhase;
			buildActionMask = 2147483647;
			files = (
				2C49EFE220FEE27600BE0D1B /* TouchPainterTests.m in Sources */,
			);
			runOnlyForDeploymentPostprocessing = 0;
		};
		2C49EFE420FEE27600BE0D1B /* Sources */ = {
			isa = PBXSourcesBuildPhase;
			buildActionMask = 2147483647;
			files = (
				2C49EFED20FEE27600BE0D1B /* TouchPainterUITests.m in Sources */,
			);
			runOnlyForDeploymentPostprocessing = 0;
		};
/* End PBXSourcesBuildPhase section */

/* Begin PBXTargetDependency section */
		2C49EFDF20FEE27600BE0D1B /* PBXTargetDependency */ = {
			isa = PBXTargetDependency;
			target = 2C49EFC420FEE27500BE0D1B /* TouchPainter */;
			targetProxy = 2C49EFDE20FEE27600BE0D1B /* PBXContainerItemProxy */;
		};
		2C49EFEA20FEE27600BE0D1B /* PBXTargetDependency */ = {
			isa = PBXTargetDependency;
			target = 2C49EFC420FEE27500BE0D1B /* TouchPainter */;
			targetProxy = 2C49EFE920FEE27600BE0D1B /* PBXContainerItemProxy */;
		};
/* End PBXTargetDependency section */

/* Begin PBXVariantGroup section */
		2C49EFD320FEE27600BE0D1B /* LaunchScreen.storyboard */ = {
			isa = PBXVariantGroup;
			children = (
				2C49EFD420FEE27600BE0D1B /* Base */,
			);
			name = LaunchScreen.storyboard;
			sourceTree = "<group>";
		};
/* End PBXVariantGroup section */

/* Begin XCBuildConfiguration section */
		2C49EFEF20FEE27600BE0D1B /* Debug */ = {
			isa = XCBuildConfiguration;
			buildSettings = {
				ALWAYS_SEARCH_USER_PATHS = NO;
				CLANG_ANALYZER_NONNULL = YES;
				CLANG_ANALYZER_NUMBER_OBJECT_CONVERSION = YES_AGGRESSIVE;
				CLANG_CXX_LANGUAGE_STANDARD = "gnu++14";
				CLANG_CXX_LIBRARY = "libc++";
				CLANG_ENABLE_MODULES = YES;
				CLANG_ENABLE_OBJC_ARC = YES;
				CLANG_ENABLE_OBJC_WEAK = YES;
				CLANG_WARN_BLOCK_CAPTURE_AUTORELEASING = YES;
				CLANG_WARN_BOOL_CONVERSION = YES;
				CLANG_WARN_COMMA = YES;
				CLANG_WARN_CONSTANT_CONVERSION = YES;
				CLANG_WARN_DEPRECATED_OBJC_IMPLEMENTATIONS = YES;
				CLANG_WARN_DIRECT_OBJC_ISA_USAGE = YES_ERROR;
				CLANG_WARN_DOCUMENTATION_COMMENTS = YES;
				CLANG_WARN_EMPTY_BODY = YES;
				CLANG_WARN_ENUM_CONVERSION = YES;
				CLANG_WARN_INFINITE_RECURSION = YES;
				CLANG_WARN_INT_CONVERSION = YES;
				CLANG_WARN_NON_LITERAL_NULL_CONVERSION = YES;
				CLANG_WARN_OBJC_IMPLICIT_RETAIN_SELF = YES;
				CLANG_WARN_OBJC_LITERAL_CONVERSION = YES;
				CLANG_WARN_OBJC_ROOT_CLASS = YES_ERROR;
				CLANG_WARN_RANGE_LOOP_ANALYSIS = YES;
				CLANG_WARN_STRICT_PROTOTYPES = YES;
				CLANG_WARN_SUSPICIOUS_MOVE = YES;
				CLANG_WARN_UNGUARDED_AVAILABILITY = YES_AGGRESSIVE;
				CLANG_WARN_UNREACHABLE_CODE = YES;
				CLANG_WARN__DUPLICATE_METHOD_MATCH = YES;
				CODE_SIGN_IDENTITY = "iPhone Developer";
				COPY_PHASE_STRIP = NO;
				DEBUG_INFORMATION_FORMAT = dwarf;
				ENABLE_STRICT_OBJC_MSGSEND = YES;
				ENABLE_TESTABILITY = YES;
				GCC_C_LANGUAGE_STANDARD = gnu11;
				GCC_DYNAMIC_NO_PIC = NO;
				GCC_NO_COMMON_BLOCKS = YES;
				GCC_OPTIMIZATION_LEVEL = 0;
				GCC_PREPROCESSOR_DEFINITIONS = (
					"DEBUG=1",
					"$(inherited)",
				);
				GCC_WARN_64_TO_32_BIT_CONVERSION = YES;
				GCC_WARN_ABOUT_RETURN_TYPE = YES_ERROR;
				GCC_WARN_UNDECLARED_SELECTOR = YES;
				GCC_WARN_UNINITIALIZED_AUTOS = YES_AGGRESSIVE;
				GCC_WARN_UNUSED_FUNCTION = YES;
				GCC_WARN_UNUSED_VARIABLE = YES;
				IPHONEOS_DEPLOYMENT_TARGET = 11.3;
				MTL_ENABLE_DEBUG_INFO = YES;
				ONLY_ACTIVE_ARCH = YES;
				SDKROOT = iphoneos;
			};
			name = Debug;
		};
		2C49EFF020FEE27600BE0D1B /* Release */ = {
			isa = XCBuildConfiguration;
			buildSettings = {
				ALWAYS_SEARCH_USER_PATHS = NO;
				CLANG_ANALYZER_NONNULL = YES;
				CLANG_ANALYZER_NUMBER_OBJECT_CONVERSION = YES_AGGRESSIVE;
				CLANG_CXX_LANGUAGE_STANDARD = "gnu++14";
				CLANG_CXX_LIBRARY = "libc++";
				CLANG_ENABLE_MODULES = YES;
				CLANG_ENABLE_OBJC_ARC = YES;
				CLANG_ENABLE_OBJC_WEAK = YES;
				CLANG_WARN_BLOCK_CAPTURE_AUTORELEASING = YES;
				CLANG_WARN_BOOL_CONVERSION = YES;
				CLANG_WARN_COMMA = YES;
				CLANG_WARN_CONSTANT_CONVERSION = YES;
				CLANG_WARN_DEPRECATED_OBJC_IMPLEMENTATIONS = YES;
				CLANG_WARN_DIRECT_OBJC_ISA_USAGE = YES_ERROR;
				CLANG_WARN_DOCUMENTATION_COMMENTS = YES;
				CLANG_WARN_EMPTY_BODY = YES;
				CLANG_WARN_ENUM_CONVERSION = YES;
				CLANG_WARN_INFINITE_RECURSION = YES;
				CLANG_WARN_INT_CONVERSION = YES;
				CLANG_WARN_NON_LITERAL_NULL_CONVERSION = YES;
				CLANG_WARN_OBJC_IMPLICIT_RETAIN_SELF = YES;
				CLANG_WARN_OBJC_LITERAL_CONVERSION = YES;
				CLANG_WARN_OBJC_ROOT_CLASS = YES_ERROR;
				CLANG_WARN_RANGE_LOOP_ANALYSIS = YES;
				CLANG_WARN_STRICT_PROTOTYPES = YES;
				CLANG_WARN_SUSPICIOUS_MOVE = YES;
				CLANG_WARN_UNGUARDED_AVAILABILITY = YES_AGGRESSIVE;
				CLANG_WARN_UNREACHABLE_CODE = YES;
				CLANG_WARN__DUPLICATE_METHOD_MATCH = YES;
				CODE_SIGN_IDENTITY = "iPhone Developer";
				COPY_PHASE_STRIP = NO;
				DEBUG_INFORMATION_FORMAT = "dwarf-with-dsym";
				ENABLE_NS_ASSERTIONS = NO;
				ENABLE_STRICT_OBJC_MSGSEND = YES;
				GCC_C_LANGUAGE_STANDARD = gnu11;
				GCC_NO_COMMON_BLOCKS = YES;
				GCC_WARN_64_TO_32_BIT_CONVERSION = YES;
				GCC_WARN_ABOUT_RETURN_TYPE = YES_ERROR;
				GCC_WARN_UNDECLARED_SELECTOR = YES;
				GCC_WARN_UNINITIALIZED_AUTOS = YES_AGGRESSIVE;
				GCC_WARN_UNUSED_FUNCTION = YES;
				GCC_WARN_UNUSED_VARIABLE = YES;
				IPHONEOS_DEPLOYMENT_TARGET = 11.3;
				MTL_ENABLE_DEBUG_INFO = NO;
				SDKROOT = iphoneos;
				VALIDATE_PRODUCT = YES;
			};
			name = Release;
		};
		2C49EFF220FEE27600BE0D1B /* Debug */ = {
			isa = XCBuildConfiguration;
			buildSettings = {
				ASSETCATALOG_COMPILER_APPICON_NAME = AppIcon;
				CODE_SIGN_STYLE = Automatic;
				INFOPLIST_FILE = TouchPainter/Info.plist;
				LD_RUNPATH_SEARCH_PATHS = (
					"$(inherited)",
					"@executable_path/Frameworks",
				);
				PRODUCT_BUNDLE_IDENTIFIER = f.TouchPainter;
				PRODUCT_NAME = "$(TARGET_NAME)";
				TARGETED_DEVICE_FAMILY = "1,2";
			};
			name = Debug;
		};
		2C49EFF320FEE27600BE0D1B /* Release */ = {
			isa = XCBuildConfiguration;
			buildSettings = {
				ASSETCATALOG_COMPILER_APPICON_NAME = AppIcon;
				CODE_SIGN_STYLE = Automatic;
				INFOPLIST_FILE = TouchPainter/Info.plist;
				LD_RUNPATH_SEARCH_PATHS = (
					"$(inherited)",
					"@executable_path/Frameworks",
				);
				PRODUCT_BUNDLE_IDENTIFIER = f.TouchPainter;
				PRODUCT_NAME = "$(TARGET_NAME)";
				TARGETED_DEVICE_FAMILY = "1,2";
			};
			name = Release;
		};
		2C49EFF520FEE27600BE0D1B /* Debug */ = {
			isa = XCBuildConfiguration;
			buildSettings = {
				BUNDLE_LOADER = "$(TEST_HOST)";
				CODE_SIGN_STYLE = Automatic;
				INFOPLIST_FILE = TouchPainterTests/Info.plist;
				LD_RUNPATH_SEARCH_PATHS = (
					"$(inherited)",
					"@executable_path/Frameworks",
					"@loader_path/Frameworks",
				);
				PRODUCT_BUNDLE_IDENTIFIER = f.TouchPainterTests;
				PRODUCT_NAME = "$(TARGET_NAME)";
				TARGETED_DEVICE_FAMILY = "1,2";
				TEST_HOST = "$(BUILT_PRODUCTS_DIR)/TouchPainter.app/TouchPainter";
			};
			name = Debug;
		};
		2C49EFF620FEE27600BE0D1B /* Release */ = {
			isa = XCBuildConfiguration;
			buildSettings = {
				BUNDLE_LOADER = "$(TEST_HOST)";
				CODE_SIGN_STYLE = Automatic;
				INFOPLIST_FILE = TouchPainterTests/Info.plist;
				LD_RUNPATH_SEARCH_PATHS = (
					"$(inherited)",
					"@executable_path/Frameworks",
					"@loader_path/Frameworks",
				);
				PRODUCT_BUNDLE_IDENTIFIER = f.TouchPainterTests;
				PRODUCT_NAME = "$(TARGET_NAME)";
				TARGETED_DEVICE_FAMILY = "1,2";
				TEST_HOST = "$(BUILT_PRODUCTS_DIR)/TouchPainter.app/TouchPainter";
			};
			name = Release;
		};
		2C49EFF820FEE27600BE0D1B /* Debug */ = {
			isa = XCBuildConfiguration;
			buildSettings = {
				CODE_SIGN_STYLE = Automatic;
				INFOPLIST_FILE = TouchPainterUITests/Info.plist;
				LD_RUNPATH_SEARCH_PATHS = (
					"$(inherited)",
					"@executable_path/Frameworks",
					"@loader_path/Frameworks",
				);
				PRODUCT_BUNDLE_IDENTIFIER = f.TouchPainterUITests;
				PRODUCT_NAME = "$(TARGET_NAME)";
				TARGETED_DEVICE_FAMILY = "1,2";
				TEST_TARGET_NAME = TouchPainter;
			};
			name = Debug;
		};
		2C49EFF920FEE27600BE0D1B /* Release */ = {
			isa = XCBuildConfiguration;
			buildSettings = {
				CODE_SIGN_STYLE = Automatic;
				INFOPLIST_FILE = TouchPainterUITests/Info.plist;
				LD_RUNPATH_SEARCH_PATHS = (
					"$(inherited)",
					"@executable_path/Frameworks",
					"@loader_path/Frameworks",
				);
				PRODUCT_BUNDLE_IDENTIFIER = f.TouchPainterUITests;
				PRODUCT_NAME = "$(TARGET_NAME)";
				TARGETED_DEVICE_FAMILY = "1,2";
				TEST_TARGET_NAME = TouchPainter;
			};
			name = Release;
		};
/* End XCBuildConfiguration section */

/* Begin XCConfigurationList section */
		2C49EFC020FEE27500BE0D1B /* Build configuration list for PBXProject "TouchPainter" */ = {
			isa = XCConfigurationList;
			buildConfigurations = (
				2C49EFEF20FEE27600BE0D1B /* Debug */,
				2C49EFF020FEE27600BE0D1B /* Release */,
			);
			defaultConfigurationIsVisible = 0;
			defaultConfigurationName = Release;
		};
		2C49EFF120FEE27600BE0D1B /* Build configuration list for PBXNativeTarget "TouchPainter" */ = {
			isa = XCConfigurationList;
			buildConfigurations = (
				2C49EFF220FEE27600BE0D1B /* Debug */,
				2C49EFF320FEE27600BE0D1B /* Release */,
			);
			defaultConfigurationIsVisible = 0;
			defaultConfigurationName = Release;
		};
		2C49EFF420FEE27600BE0D1B /* Build configuration list for PBXNativeTarget "TouchPainterTests" */ = {
			isa = XCConfigurationList;
			buildConfigurations = (
				2C49EFF520FEE27600BE0D1B /* Debug */,
				2C49EFF620FEE27600BE0D1B /* Release */,
			);
			defaultConfigurationIsVisible = 0;
			defaultConfigurationName = Release;
		};
		2C49EFF720FEE27600BE0D1B /* Build configuration list for PBXNativeTarget "TouchPainterUITests" */ = {
			isa = XCConfigurationList;
			buildConfigurations = (
				2C49EFF820FEE27600BE0D1B /* Debug */,
				2C49EFF920FEE27600BE0D1B /* Release */,
			);
			defaultConfigurationIsVisible = 0;
			defaultConfigurationName = Release;
		};
/* End XCConfigurationList section */
	};
	rootObject = 2C49EFBD20FEE27500BE0D1B /* Project object */;
}
